PODS:
  - FBSDKCoreKit (5.0.1):
    - FBSDKCoreKit/Basics (= 5.0.1)
    - FBSDKCoreKit/Core (= 5.0.1)
  - FBSDKCoreKit/Basics (5.0.1)
  - FBSDKCoreKit/Core (5.0.1):
    - FBSDKCoreKit/Basics
  - FBSDKLoginKit (5.0.1):
    - FBSDKCoreKit (~> 5.0)
  - FBSDKPlacesKit (5.0.1):
    - FBSDKCoreKit (~> 5.0)
  - FBSDKShareKit (5.0.1):
    - FBSDKCoreKit (~> 5.0)

DEPENDENCIES:
  - FBSDKCoreKit
  - FBSDKLoginKit
  - FBSDKPlacesKit
  - FBSDKShareKit

SPEC REPOS:
  https://github.com/cocoapods/specs.git:
    - FBSDKCoreKit
    - FBSDKLoginKit
    - FBSDKPlacesKit
    - FBSDKShareKit

SPEC CHECKSUMS:
  FBSDKCoreKit: 4a19534474ade7c71bd016d800aa5e7722bcdda1
  FBSDKLoginKit: 41efa754b909b0ea813fa9a8596dacc8ed196d50
  FBSDKPlacesKit: 9968b4a3e7890005d4054cb432d8a83a9e10266a
  FBSDKShareKit: 11faa09311bc009740b9a939ee2673146df2c9df

PODFILE CHECKSUM: 36e02abc553eeac8df738817f3890331e299713a

COCOAPODS: 1.7.1
