// !$*UTF8*$!
{
	archiveVersion = 1;
	classes = {
	};
	objectVersion = 51;
	objects = {

/* Begin PBXBuildFile section */
		0054357697DE9C13EAD7E9E4 /* Pods_IOS_TaipeiTests.framework in Frameworks */ = {isa = PBXBuildFile; fileRef = 4E470F5C0E81C3F1560706CD /* Pods_IOS_TaipeiTests.framework */; };
		05CF561F236011DA00DEA44A /* GroupEventRepository.swift in Sources */ = {isa = PBXBuildFile; fileRef = 05CF561E236011DA00DEA44A /* GroupEventRepository.swift */; };
		05CF5622236018A600DEA44A /* GroupEventResult.swift in Sources */ = {isa = PBXBuildFile; fileRef = 05CF5621236018A600DEA44A /* GroupEventResult.swift */; };
		05CF562523602FD300DEA44A /* GroupEvent.swift in Sources */ = {isa = PBXBuildFile; fileRef = 05CF562423602FD300DEA44A /* GroupEvent.swift */; };
		05CF562723602FE900DEA44A /* GroupEventCover.swift in Sources */ = {isa = PBXBuildFile; fileRef = 05CF562623602FE900DEA44A /* GroupEventCover.swift */; };
		05CF56292360301E00DEA44A /* GroupEventPlace.swift in Sources */ = {isa = PBXBuildFile; fileRef = 05CF56282360301E00DEA44A /* GroupEventPlace.swift */; };
		8FA9B74F267D968B9BDD197C /* Pods_IOS_Taipei_IOS_TaipeiUITests.framework in Frameworks */ = {isa = PBXBuildFile; fileRef = 6DB1040B9236A77D72F8CAF7 /* Pods_IOS_Taipei_IOS_TaipeiUITests.framework */; };
		AE1C4DE7235BF322008CF1C3 /* TabBarController.swift in Sources */ = {isa = PBXBuildFile; fileRef = AE1C4DE6235BF322008CF1C3 /* TabBarController.swift */; };
		AE1C4DE8235BF322008CF1C3 /* TabBarController.swift in Sources */ = {isa = PBXBuildFile; fileRef = AE1C4DE6235BF322008CF1C3 /* TabBarController.swift */; };
		AE1C4DEA235BF3F8008CF1C3 /* LaunchVC.swift in Sources */ = {isa = PBXBuildFile; fileRef = AE1C4DE9235BF3F8008CF1C3 /* LaunchVC.swift */; };
		AE1C4DED235BF54A008CF1C3 /* Router.swift in Sources */ = {isa = PBXBuildFile; fileRef = AE1C4DEC235BF54A008CF1C3 /* Router.swift */; };
		AE1C4DEF235BF594008CF1C3 /* NavigationController.swift in Sources */ = {isa = PBXBuildFile; fileRef = AE1C4DEE235BF594008CF1C3 /* NavigationController.swift */; };
		AE1C4DF2235BF5DA008CF1C3 /* Router + Main.swift in Sources */ = {isa = PBXBuildFile; fileRef = AE1C4DF1235BF5DA008CF1C3 /* Router + Main.swift */; };
		AE1C4DF5235BF60C008CF1C3 /* VCFactory.swift in Sources */ = {isa = PBXBuildFile; fileRef = AE1C4DF4235BF60C008CF1C3 /* VCFactory.swift */; };
		AE1C4DF7235BF650008CF1C3 /* SBHelper.swift in Sources */ = {isa = PBXBuildFile; fileRef = AE1C4DF6235BF650008CF1C3 /* SBHelper.swift */; };
		AE1C4DFA235BF8CE008CF1C3 /* AppConfig.swift in Sources */ = {isa = PBXBuildFile; fileRef = AE1C4DF9235BF8CE008CF1C3 /* AppConfig.swift */; };
		AE1C4DFC235BF8D8008CF1C3 /* Colors.swift in Sources */ = {isa = PBXBuildFile; fileRef = AE1C4DFB235BF8D8008CF1C3 /* Colors.swift */; };
		AE1C4DFE235BF8E5008CF1C3 /* Images.swift in Sources */ = {isa = PBXBuildFile; fileRef = AE1C4DFD235BF8E5008CF1C3 /* Images.swift */; };
		AE1C4E00235BF8EC008CF1C3 /* Words.swift in Sources */ = {isa = PBXBuildFile; fileRef = AE1C4DFF235BF8EC008CF1C3 /* Words.swift */; };
		AE1C4E02235BF8F7008CF1C3 /* NotificationNames.swift in Sources */ = {isa = PBXBuildFile; fileRef = AE1C4E01235BF8F7008CF1C3 /* NotificationNames.swift */; };
		AE1C4E05235BF9A8008CF1C3 /* Array + Extension.swift in Sources */ = {isa = PBXBuildFile; fileRef = AE1C4E04235BF9A8008CF1C3 /* Array + Extension.swift */; };
		AE1C4E07235BF9EF008CF1C3 /* NSObject + Builder.swift in Sources */ = {isa = PBXBuildFile; fileRef = AE1C4E06235BF9EF008CF1C3 /* NSObject + Builder.swift */; };
		AE1C4E0B235BFA29008CF1C3 /* NSObject + ClassName.swift in Sources */ = {isa = PBXBuildFile; fileRef = AE1C4E0A235BFA29008CF1C3 /* NSObject + ClassName.swift */; };
		AE1C4E0F235BFB03008CF1C3 /* UIApplication + constants.swift in Sources */ = {isa = PBXBuildFile; fileRef = AE1C4E0E235BFB03008CF1C3 /* UIApplication + constants.swift */; };
		AE1C4E12235BFB40008CF1C3 /* UIView + Constraints.swift in Sources */ = {isa = PBXBuildFile; fileRef = AE1C4E11235BFB40008CF1C3 /* UIView + Constraints.swift */; };
		AE1C4E14235BFBBB008CF1C3 /* UIView + Animation.swift in Sources */ = {isa = PBXBuildFile; fileRef = AE1C4E13235BFBBB008CF1C3 /* UIView + Animation.swift */; };
		AE1C4E16235BFE3D008CF1C3 /* Router + Event.swift in Sources */ = {isa = PBXBuildFile; fileRef = AE1C4E15235BFE3D008CF1C3 /* Router + Event.swift */; };
		AE1C4E1A235C03FA008CF1C3 /* EventDetailVC.swift in Sources */ = {isa = PBXBuildFile; fileRef = AE1C4E19235C03FA008CF1C3 /* EventDetailVC.swift */; };
		AE1C4E1D235C0498008CF1C3 /* Event.storyboard in Resources */ = {isa = PBXBuildFile; fileRef = AE1C4E1C235C0498008CF1C3 /* Event.storyboard */; };
		AEB0D4A1235C129A00673A83 /* RemoteConfigDefaults.plist in Sources */ = {isa = PBXBuildFile; fileRef = C1FBD84723590254003AB0D0 /* RemoteConfigDefaults.plist */; };
		AEB0D4A3235C1B6200673A83 /* GoogleService-Info.plist in Resources */ = {isa = PBXBuildFile; fileRef = AEB0D4A2235C1B6200673A83 /* GoogleService-Info.plist */; };
		AEB0D4A6235C471D00673A83 /* UIColor + initializer.swift in Sources */ = {isa = PBXBuildFile; fileRef = AEB0D4A5235C471D00673A83 /* UIColor + initializer.swift */; };
		AEB0D4A8235C48C800673A83 /* Fonts.swift in Sources */ = {isa = PBXBuildFile; fileRef = AEB0D4A7235C48C800673A83 /* Fonts.swift */; };
		C17FB91923523F1500BA85F8 /* AppDelegate.swift in Sources */ = {isa = PBXBuildFile; fileRef = C17FB91823523F1500BA85F8 /* AppDelegate.swift */; };
		C17FB91B23523F1500BA85F8 /* EventListVC.swift in Sources */ = {isa = PBXBuildFile; fileRef = C17FB91A23523F1500BA85F8 /* EventListVC.swift */; };
		C17FB92023523F1500BA85F8 /* Main.storyboard in Resources */ = {isa = PBXBuildFile; fileRef = C17FB91E23523F1500BA85F8 /* Main.storyboard */; };
		C17FB92223523F1500BA85F8 /* Assets.xcassets in Resources */ = {isa = PBXBuildFile; fileRef = C17FB92123523F1500BA85F8 /* Assets.xcassets */; };
		C17FB92523523F1500BA85F8 /* LaunchScreen.storyboard in Resources */ = {isa = PBXBuildFile; fileRef = C17FB92323523F1500BA85F8 /* LaunchScreen.storyboard */; };
		C17FB93023523F1500BA85F8 /* IOS_TaipeiTests.swift in Sources */ = {isa = PBXBuildFile; fileRef = C17FB92F23523F1500BA85F8 /* IOS_TaipeiTests.swift */; };
		C17FB93B23523F1500BA85F8 /* IOS_TaipeiUITests.swift in Sources */ = {isa = PBXBuildFile; fileRef = C17FB93A23523F1500BA85F8 /* IOS_TaipeiUITests.swift */; };
		C1FBD84A235903A8003AB0D0 /* RemoteConfigManager.swift in Sources */ = {isa = PBXBuildFile; fileRef = C1FBD849235903A8003AB0D0 /* RemoteConfigManager.swift */; };
		C1FBD84F23591734003AB0D0 /* RemoteConfigTests.swift in Sources */ = {isa = PBXBuildFile; fileRef = C1FBD84E23591734003AB0D0 /* RemoteConfigTests.swift */; };
		C1FBD85023591783003AB0D0 /* RemoteConfigManager.swift in Sources */ = {isa = PBXBuildFile; fileRef = C1FBD849235903A8003AB0D0 /* RemoteConfigManager.swift */; };
		F2C974FF0C4780337045F4D7 /* Pods_IOS_Taipei.framework in Frameworks */ = {isa = PBXBuildFile; fileRef = 4E1B71675F62C04BB7BEB468 /* Pods_IOS_Taipei.framework */; };
/* End PBXBuildFile section */

/* Begin PBXContainerItemProxy section */
		C17FB92C23523F1500BA85F8 /* PBXContainerItemProxy */ = {
			isa = PBXContainerItemProxy;
			containerPortal = C17FB90D23523F1500BA85F8 /* Project object */;
			proxyType = 1;
			remoteGlobalIDString = C17FB91423523F1500BA85F8;
			remoteInfo = "IOS@Taipei";
		};
		C17FB93723523F1500BA85F8 /* PBXContainerItemProxy */ = {
			isa = PBXContainerItemProxy;
			containerPortal = C17FB90D23523F1500BA85F8 /* Project object */;
			proxyType = 1;
			remoteGlobalIDString = C17FB91423523F1500BA85F8;
			remoteInfo = "IOS@Taipei";
		};
/* End PBXContainerItemProxy section */

/* Begin PBXFileReference section */
		05CF561E236011DA00DEA44A /* GroupEventRepository.swift */ = {isa = PBXFileReference; lastKnownFileType = sourcecode.swift; path = GroupEventRepository.swift; sourceTree = "<group>"; };
		05CF5621236018A600DEA44A /* GroupEventResult.swift */ = {isa = PBXFileReference; lastKnownFileType = sourcecode.swift; path = GroupEventResult.swift; sourceTree = "<group>"; };
		05CF562423602FD300DEA44A /* GroupEvent.swift */ = {isa = PBXFileReference; lastKnownFileType = sourcecode.swift; path = GroupEvent.swift; sourceTree = "<group>"; };
		05CF562623602FE900DEA44A /* GroupEventCover.swift */ = {isa = PBXFileReference; lastKnownFileType = sourcecode.swift; path = GroupEventCover.swift; sourceTree = "<group>"; };
		05CF56282360301E00DEA44A /* GroupEventPlace.swift */ = {isa = PBXFileReference; lastKnownFileType = sourcecode.swift; path = GroupEventPlace.swift; sourceTree = "<group>"; };
		0B7F372F5D56A8548AF5BA35 /* Pods-IOS@TaipeiTests.debug.xcconfig */ = {isa = PBXFileReference; includeInIndex = 1; lastKnownFileType = text.xcconfig; name = "Pods-IOS@TaipeiTests.debug.xcconfig"; path = "Target Support Files/Pods-IOS@TaipeiTests/Pods-IOS@TaipeiTests.debug.xcconfig"; sourceTree = "<group>"; };
		336250609969D4A9013A738D /* Pods-IOS@Taipei-IOS@TaipeiUITests.debug.xcconfig */ = {isa = PBXFileReference; includeInIndex = 1; lastKnownFileType = text.xcconfig; name = "Pods-IOS@Taipei-IOS@TaipeiUITests.debug.xcconfig"; path = "Target Support Files/Pods-IOS@Taipei-IOS@TaipeiUITests/Pods-IOS@Taipei-IOS@TaipeiUITests.debug.xcconfig"; sourceTree = "<group>"; };
		3DE0003A2D06E98947B9C6CD /* Pods-IOS@Taipei-IOS@TaipeiUITests.release.xcconfig */ = {isa = PBXFileReference; includeInIndex = 1; lastKnownFileType = text.xcconfig; name = "Pods-IOS@Taipei-IOS@TaipeiUITests.release.xcconfig"; path = "Target Support Files/Pods-IOS@Taipei-IOS@TaipeiUITests/Pods-IOS@Taipei-IOS@TaipeiUITests.release.xcconfig"; sourceTree = "<group>"; };
		4E1B71675F62C04BB7BEB468 /* Pods_IOS_Taipei.framework */ = {isa = PBXFileReference; explicitFileType = wrapper.framework; includeInIndex = 0; path = Pods_IOS_Taipei.framework; sourceTree = BUILT_PRODUCTS_DIR; };
		4E470F5C0E81C3F1560706CD /* Pods_IOS_TaipeiTests.framework */ = {isa = PBXFileReference; explicitFileType = wrapper.framework; includeInIndex = 0; path = Pods_IOS_TaipeiTests.framework; sourceTree = BUILT_PRODUCTS_DIR; };
		6DB1040B9236A77D72F8CAF7 /* Pods_IOS_Taipei_IOS_TaipeiUITests.framework */ = {isa = PBXFileReference; explicitFileType = wrapper.framework; includeInIndex = 0; path = Pods_IOS_Taipei_IOS_TaipeiUITests.framework; sourceTree = BUILT_PRODUCTS_DIR; };
		89B31832CDE4A29A621180E1 /* Pods-IOS@Taipei.release.xcconfig */ = {isa = PBXFileReference; includeInIndex = 1; lastKnownFileType = text.xcconfig; name = "Pods-IOS@Taipei.release.xcconfig"; path = "Target Support Files/Pods-IOS@Taipei/Pods-IOS@Taipei.release.xcconfig"; sourceTree = "<group>"; };
		AE1C4DE6235BF322008CF1C3 /* TabBarController.swift */ = {isa = PBXFileReference; lastKnownFileType = sourcecode.swift; path = TabBarController.swift; sourceTree = "<group>"; };
		AE1C4DE9235BF3F8008CF1C3 /* LaunchVC.swift */ = {isa = PBXFileReference; lastKnownFileType = sourcecode.swift; path = LaunchVC.swift; sourceTree = "<group>"; };
		AE1C4DEC235BF54A008CF1C3 /* Router.swift */ = {isa = PBXFileReference; lastKnownFileType = sourcecode.swift; path = Router.swift; sourceTree = "<group>"; };
		AE1C4DEE235BF594008CF1C3 /* NavigationController.swift */ = {isa = PBXFileReference; lastKnownFileType = sourcecode.swift; path = NavigationController.swift; sourceTree = "<group>"; };
		AE1C4DF1235BF5DA008CF1C3 /* Router + Main.swift */ = {isa = PBXFileReference; lastKnownFileType = sourcecode.swift; path = "Router + Main.swift"; sourceTree = "<group>"; };
		AE1C4DF4235BF60C008CF1C3 /* VCFactory.swift */ = {isa = PBXFileReference; lastKnownFileType = sourcecode.swift; path = VCFactory.swift; sourceTree = "<group>"; };
		AE1C4DF6235BF650008CF1C3 /* SBHelper.swift */ = {isa = PBXFileReference; lastKnownFileType = sourcecode.swift; path = SBHelper.swift; sourceTree = "<group>"; };
		AE1C4DF9235BF8CE008CF1C3 /* AppConfig.swift */ = {isa = PBXFileReference; lastKnownFileType = sourcecode.swift; path = AppConfig.swift; sourceTree = "<group>"; };
		AE1C4DFB235BF8D8008CF1C3 /* Colors.swift */ = {isa = PBXFileReference; lastKnownFileType = sourcecode.swift; path = Colors.swift; sourceTree = "<group>"; };
		AE1C4DFD235BF8E5008CF1C3 /* Images.swift */ = {isa = PBXFileReference; lastKnownFileType = sourcecode.swift; path = Images.swift; sourceTree = "<group>"; };
		AE1C4DFF235BF8EC008CF1C3 /* Words.swift */ = {isa = PBXFileReference; lastKnownFileType = sourcecode.swift; path = Words.swift; sourceTree = "<group>"; };
		AE1C4E01235BF8F7008CF1C3 /* NotificationNames.swift */ = {isa = PBXFileReference; lastKnownFileType = sourcecode.swift; path = NotificationNames.swift; sourceTree = "<group>"; };
		AE1C4E04235BF9A8008CF1C3 /* Array + Extension.swift */ = {isa = PBXFileReference; lastKnownFileType = sourcecode.swift; path = "Array + Extension.swift"; sourceTree = "<group>"; };
		AE1C4E06235BF9EF008CF1C3 /* NSObject + Builder.swift */ = {isa = PBXFileReference; lastKnownFileType = sourcecode.swift; path = "NSObject + Builder.swift"; sourceTree = "<group>"; };
		AE1C4E0A235BFA29008CF1C3 /* NSObject + ClassName.swift */ = {isa = PBXFileReference; lastKnownFileType = sourcecode.swift; path = "NSObject + ClassName.swift"; sourceTree = "<group>"; };
		AE1C4E0E235BFB03008CF1C3 /* UIApplication + constants.swift */ = {isa = PBXFileReference; lastKnownFileType = sourcecode.swift; path = "UIApplication + constants.swift"; sourceTree = "<group>"; };
		AE1C4E11235BFB40008CF1C3 /* UIView + Constraints.swift */ = {isa = PBXFileReference; lastKnownFileType = sourcecode.swift; path = "UIView + Constraints.swift"; sourceTree = "<group>"; };
		AE1C4E13235BFBBB008CF1C3 /* UIView + Animation.swift */ = {isa = PBXFileReference; lastKnownFileType = sourcecode.swift; path = "UIView + Animation.swift"; sourceTree = "<group>"; };
		AE1C4E15235BFE3D008CF1C3 /* Router + Event.swift */ = {isa = PBXFileReference; lastKnownFileType = sourcecode.swift; path = "Router + Event.swift"; sourceTree = "<group>"; };
		AE1C4E19235C03FA008CF1C3 /* EventDetailVC.swift */ = {isa = PBXFileReference; lastKnownFileType = sourcecode.swift; path = EventDetailVC.swift; sourceTree = "<group>"; };
		AE1C4E1C235C0498008CF1C3 /* Event.storyboard */ = {isa = PBXFileReference; lastKnownFileType = file.storyboard; path = Event.storyboard; sourceTree = "<group>"; };
		AEB0D4A2235C1B6200673A83 /* GoogleService-Info.plist */ = {isa = PBXFileReference; fileEncoding = 4; lastKnownFileType = text.plist.xml; path = "GoogleService-Info.plist"; sourceTree = "<group>"; };
		AEB0D4A5235C471D00673A83 /* UIColor + initializer.swift */ = {isa = PBXFileReference; lastKnownFileType = sourcecode.swift; path = "UIColor + initializer.swift"; sourceTree = "<group>"; };
		AEB0D4A7235C48C800673A83 /* Fonts.swift */ = {isa = PBXFileReference; lastKnownFileType = sourcecode.swift; path = Fonts.swift; sourceTree = "<group>"; };
		C17FB91523523F1500BA85F8 /* IOS@Taipei.app */ = {isa = PBXFileReference; explicitFileType = wrapper.application; includeInIndex = 0; path = "IOS@Taipei.app"; sourceTree = BUILT_PRODUCTS_DIR; };
		C17FB91823523F1500BA85F8 /* AppDelegate.swift */ = {isa = PBXFileReference; lastKnownFileType = sourcecode.swift; path = AppDelegate.swift; sourceTree = "<group>"; };
		C17FB91A23523F1500BA85F8 /* EventListVC.swift */ = {isa = PBXFileReference; lastKnownFileType = sourcecode.swift; path = EventListVC.swift; sourceTree = "<group>"; };
		C17FB91F23523F1500BA85F8 /* Base */ = {isa = PBXFileReference; lastKnownFileType = file.storyboard; name = Base; path = Base.lproj/Main.storyboard; sourceTree = "<group>"; };
		C17FB92123523F1500BA85F8 /* Assets.xcassets */ = {isa = PBXFileReference; lastKnownFileType = folder.assetcatalog; path = Assets.xcassets; sourceTree = "<group>"; };
		C17FB92423523F1500BA85F8 /* Base */ = {isa = PBXFileReference; lastKnownFileType = file.storyboard; name = Base; path = Base.lproj/LaunchScreen.storyboard; sourceTree = "<group>"; };
		C17FB92623523F1500BA85F8 /* Info.plist */ = {isa = PBXFileReference; lastKnownFileType = text.plist.xml; path = Info.plist; sourceTree = "<group>"; };
		C17FB92B23523F1500BA85F8 /* IOS@TaipeiTests.xctest */ = {isa = PBXFileReference; explicitFileType = wrapper.cfbundle; includeInIndex = 0; path = "IOS@TaipeiTests.xctest"; sourceTree = BUILT_PRODUCTS_DIR; };
		C17FB92F23523F1500BA85F8 /* IOS_TaipeiTests.swift */ = {isa = PBXFileReference; lastKnownFileType = sourcecode.swift; path = IOS_TaipeiTests.swift; sourceTree = "<group>"; };
		C17FB93123523F1500BA85F8 /* Info.plist */ = {isa = PBXFileReference; lastKnownFileType = text.plist.xml; path = Info.plist; sourceTree = "<group>"; };
		C17FB93623523F1500BA85F8 /* IOS@TaipeiUITests.xctest */ = {isa = PBXFileReference; explicitFileType = wrapper.cfbundle; includeInIndex = 0; path = "IOS@TaipeiUITests.xctest"; sourceTree = BUILT_PRODUCTS_DIR; };
		C17FB93A23523F1500BA85F8 /* IOS_TaipeiUITests.swift */ = {isa = PBXFileReference; lastKnownFileType = sourcecode.swift; path = IOS_TaipeiUITests.swift; sourceTree = "<group>"; };
		C17FB93C23523F1600BA85F8 /* Info.plist */ = {isa = PBXFileReference; lastKnownFileType = text.plist.xml; path = Info.plist; sourceTree = "<group>"; };
		C1FBD84723590254003AB0D0 /* RemoteConfigDefaults.plist */ = {isa = PBXFileReference; fileEncoding = 4; lastKnownFileType = text.plist.xml; path = RemoteConfigDefaults.plist; sourceTree = "<group>"; };
		C1FBD849235903A8003AB0D0 /* RemoteConfigManager.swift */ = {isa = PBXFileReference; lastKnownFileType = sourcecode.swift; path = RemoteConfigManager.swift; sourceTree = "<group>"; };
		C1FBD84E23591734003AB0D0 /* RemoteConfigTests.swift */ = {isa = PBXFileReference; lastKnownFileType = sourcecode.swift; path = RemoteConfigTests.swift; sourceTree = "<group>"; };
		EE510504338FC26148C5FA2F /* Pods-IOS@TaipeiTests.release.xcconfig */ = {isa = PBXFileReference; includeInIndex = 1; lastKnownFileType = text.xcconfig; name = "Pods-IOS@TaipeiTests.release.xcconfig"; path = "Target Support Files/Pods-IOS@TaipeiTests/Pods-IOS@TaipeiTests.release.xcconfig"; sourceTree = "<group>"; };
		F2B69117E09D64B0733EBD96 /* Pods-IOS@Taipei.debug.xcconfig */ = {isa = PBXFileReference; includeInIndex = 1; lastKnownFileType = text.xcconfig; name = "Pods-IOS@Taipei.debug.xcconfig"; path = "Target Support Files/Pods-IOS@Taipei/Pods-IOS@Taipei.debug.xcconfig"; sourceTree = "<group>"; };
/* End PBXFileReference section */

/* Begin PBXFrameworksBuildPhase section */
		C17FB91223523F1500BA85F8 /* Frameworks */ = {
			isa = PBXFrameworksBuildPhase;
			buildActionMask = 2147483647;
			files = (
				F2C974FF0C4780337045F4D7 /* Pods_IOS_Taipei.framework in Frameworks */,
			);
			runOnlyForDeploymentPostprocessing = 0;
		};
		C17FB92823523F1500BA85F8 /* Frameworks */ = {
			isa = PBXFrameworksBuildPhase;
			buildActionMask = 2147483647;
			files = (
				0054357697DE9C13EAD7E9E4 /* Pods_IOS_TaipeiTests.framework in Frameworks */,
			);
			runOnlyForDeploymentPostprocessing = 0;
		};
		C17FB93323523F1500BA85F8 /* Frameworks */ = {
			isa = PBXFrameworksBuildPhase;
			buildActionMask = 2147483647;
			files = (
				8FA9B74F267D968B9BDD197C /* Pods_IOS_Taipei_IOS_TaipeiUITests.framework in Frameworks */,
			);
			runOnlyForDeploymentPostprocessing = 0;
		};
/* End PBXFrameworksBuildPhase section */

/* Begin PBXGroup section */
		05CF561D236011BC00DEA44A /* Repository */ = {
			isa = PBXGroup;
			children = (
				05CF561E236011DA00DEA44A /* GroupEventRepository.swift */,
			);
			path = Repository;
			sourceTree = "<group>";
		};
		05CF56202360125F00DEA44A /* Model */ = {
			isa = PBXGroup;
			children = (
				05CF562323602FC600DEA44A /* GroupEvent */,
			);
			path = Model;
			sourceTree = "<group>";
		};
		05CF562323602FC600DEA44A /* GroupEvent */ = {
			isa = PBXGroup;
			children = (
				05CF5621236018A600DEA44A /* GroupEventResult.swift */,
				05CF562423602FD300DEA44A /* GroupEvent.swift */,
				05CF562623602FE900DEA44A /* GroupEventCover.swift */,
				05CF56282360301E00DEA44A /* GroupEventPlace.swift */,
			);
			path = GroupEvent;
			sourceTree = "<group>";
		};
		4A04E760BD2A907DD204CF37 /* Frameworks */ = {
			isa = PBXGroup;
			children = (
				4E1B71675F62C04BB7BEB468 /* Pods_IOS_Taipei.framework */,
				6DB1040B9236A77D72F8CAF7 /* Pods_IOS_Taipei_IOS_TaipeiUITests.framework */,
				4E470F5C0E81C3F1560706CD /* Pods_IOS_TaipeiTests.framework */,
			);
			name = Frameworks;
			sourceTree = "<group>";
		};
		AE1367BE235AB12900FF3F30 /* UIs */ = {
			isa = PBXGroup;
			children = (
				AE1367BF235AB13000FF3F30 /* VCs */,
				AE1367C0235AB13700FF3F30 /* SBs */,
				AE1C4DEB235BF533008CF1C3 /* Router */,
				AE1C4DF3235BF5F6008CF1C3 /* VCFactory */,
			);
			path = UIs;
			sourceTree = "<group>";
		};
		AE1367BF235AB13000FF3F30 /* VCs */ = {
			isa = PBXGroup;
			children = (
				AE1C4DE6235BF322008CF1C3 /* TabBarController.swift */,
				AE1C4DEE235BF594008CF1C3 /* NavigationController.swift */,
				AE1C4DF0235BF5A0008CF1C3 /* Launch */,
				AE1C4E17235C03D2008CF1C3 /* Tab */,
			);
			path = VCs;
			sourceTree = "<group>";
		};
		AE1367C0235AB13700FF3F30 /* SBs */ = {
			isa = PBXGroup;
			children = (
				C17FB91E23523F1500BA85F8 /* Main.storyboard */,
				C17FB92323523F1500BA85F8 /* LaunchScreen.storyboard */,
				AE1C4E1B235C0488008CF1C3 /* Tab */,
			);
			path = SBs;
			sourceTree = "<group>";
		};
		AE1367C1235AB13D00FF3F30 /* Supporting Files */ = {
			isa = PBXGroup;
			children = (
				C17FB92123523F1500BA85F8 /* Assets.xcassets */,
				C17FB92623523F1500BA85F8 /* Info.plist */,
				AEB0D4A2235C1B6200673A83 /* GoogleService-Info.plist */,
				C1FBD84723590254003AB0D0 /* RemoteConfigDefaults.plist */,
			);
			path = "Supporting Files";
			sourceTree = "<group>";
		};
		AE1C4DEB235BF533008CF1C3 /* Router */ = {
			isa = PBXGroup;
			children = (
				AE1C4DEC235BF54A008CF1C3 /* Router.swift */,
				AE1C4DF1235BF5DA008CF1C3 /* Router + Main.swift */,
				AE1C4E15235BFE3D008CF1C3 /* Router + Event.swift */,
			);
			path = Router;
			sourceTree = "<group>";
		};
		AE1C4DF0235BF5A0008CF1C3 /* Launch */ = {
			isa = PBXGroup;
			children = (
				AE1C4DE9235BF3F8008CF1C3 /* LaunchVC.swift */,
			);
			path = Launch;
			sourceTree = "<group>";
		};
		AE1C4DF3235BF5F6008CF1C3 /* VCFactory */ = {
			isa = PBXGroup;
			children = (
				AE1C4DF4235BF60C008CF1C3 /* VCFactory.swift */,
				AE1C4DF6235BF650008CF1C3 /* SBHelper.swift */,
			);
			path = VCFactory;
			sourceTree = "<group>";
		};
		AE1C4DF8235BF8BD008CF1C3 /* Constants */ = {
			isa = PBXGroup;
			children = (
				AE1C4DF9235BF8CE008CF1C3 /* AppConfig.swift */,
				AE1C4DFB235BF8D8008CF1C3 /* Colors.swift */,
				AE1C4DFD235BF8E5008CF1C3 /* Images.swift */,
				AE1C4DFF235BF8EC008CF1C3 /* Words.swift */,
				AEB0D4A7235C48C800673A83 /* Fonts.swift */,
				AE1C4E01235BF8F7008CF1C3 /* NotificationNames.swift */,
			);
			path = Constants;
			sourceTree = "<group>";
		};
		AE1C4E03235BF984008CF1C3 /* Extensions */ = {
			isa = PBXGroup;
			children = (
				AE1C4E04235BF9A8008CF1C3 /* Array + Extension.swift */,
				AE1C4E0C235BFA70008CF1C3 /* NSObject */,
				AE1C4E0D235BFAAD008CF1C3 /* UIKit */,
			);
			path = Extensions;
			sourceTree = "<group>";
		};
		AE1C4E0C235BFA70008CF1C3 /* NSObject */ = {
			isa = PBXGroup;
			children = (
				AE1C4E06235BF9EF008CF1C3 /* NSObject + Builder.swift */,
				AE1C4E0A235BFA29008CF1C3 /* NSObject + ClassName.swift */,
			);
			path = NSObject;
			sourceTree = "<group>";
		};
		AE1C4E0D235BFAAD008CF1C3 /* UIKit */ = {
			isa = PBXGroup;
			children = (
				AE1C4E0E235BFB03008CF1C3 /* UIApplication + constants.swift */,
				AEB0D4A4235C470600673A83 /* UIColor */,
				AE1C4E10235BFB34008CF1C3 /* UIView */,
			);
			path = UIKit;
			sourceTree = "<group>";
		};
		AE1C4E10235BFB34008CF1C3 /* UIView */ = {
			isa = PBXGroup;
			children = (
				AE1C4E11235BFB40008CF1C3 /* UIView + Constraints.swift */,
				AE1C4E13235BFBBB008CF1C3 /* UIView + Animation.swift */,
			);
			path = UIView;
			sourceTree = "<group>";
		};
		AE1C4E17235C03D2008CF1C3 /* Tab */ = {
			isa = PBXGroup;
			children = (
				AE1C4E18235C03E9008CF1C3 /* Event */,
			);
			path = Tab;
			sourceTree = "<group>";
		};
		AE1C4E18235C03E9008CF1C3 /* Event */ = {
			isa = PBXGroup;
			children = (
				C17FB91A23523F1500BA85F8 /* EventListVC.swift */,
				AE1C4E19235C03FA008CF1C3 /* EventDetailVC.swift */,
			);
			path = Event;
			sourceTree = "<group>";
		};
		AE1C4E1B235C0488008CF1C3 /* Tab */ = {
			isa = PBXGroup;
			children = (
				AE1C4E1C235C0498008CF1C3 /* Event.storyboard */,
			);
			path = Tab;
			sourceTree = "<group>";
		};
		AEB0D4A4235C470600673A83 /* UIColor */ = {
			isa = PBXGroup;
			children = (
				AEB0D4A5235C471D00673A83 /* UIColor + initializer.swift */,
			);
			path = UIColor;
			sourceTree = "<group>";
		};
		C17FB90C23523F1500BA85F8 = {
			isa = PBXGroup;
			children = (
				C17FB91723523F1500BA85F8 /* IOS@Taipei */,
				C17FB92E23523F1500BA85F8 /* IOS@TaipeiTests */,
				C17FB93923523F1500BA85F8 /* IOS@TaipeiUITests */,
				C17FB91623523F1500BA85F8 /* Products */,
				D35498A793B3EC61E448AF2A /* Pods */,
				4A04E760BD2A907DD204CF37 /* Frameworks */,
			);
			sourceTree = "<group>";
		};
		C17FB91623523F1500BA85F8 /* Products */ = {
			isa = PBXGroup;
			children = (
				C17FB91523523F1500BA85F8 /* IOS@Taipei.app */,
				C17FB92B23523F1500BA85F8 /* IOS@TaipeiTests.xctest */,
				C17FB93623523F1500BA85F8 /* IOS@TaipeiUITests.xctest */,
			);
			name = Products;
			sourceTree = "<group>";
		};
		C17FB91723523F1500BA85F8 /* IOS@Taipei */ = {
			isa = PBXGroup;
			children = (
				C17FB91823523F1500BA85F8 /* AppDelegate.swift */,
				AE1367BE235AB12900FF3F30 /* UIs */,
				05CF56202360125F00DEA44A /* Model */,
				05CF561D236011BC00DEA44A /* Repository */,
				C1FBD84B23590569003AB0D0 /* Manager */,
				AE1C4DF8235BF8BD008CF1C3 /* Constants */,
				AE1C4E03235BF984008CF1C3 /* Extensions */,
				AE1367C1235AB13D00FF3F30 /* Supporting Files */,
			);
			path = "IOS@Taipei";
			sourceTree = "<group>";
		};
		C17FB92E23523F1500BA85F8 /* IOS@TaipeiTests */ = {
			isa = PBXGroup;
			children = (
				C1FBD84E23591734003AB0D0 /* RemoteConfigTests.swift */,
				C17FB92F23523F1500BA85F8 /* IOS_TaipeiTests.swift */,
				C17FB93123523F1500BA85F8 /* Info.plist */,
			);
			path = "IOS@TaipeiTests";
			sourceTree = "<group>";
		};
		C17FB93923523F1500BA85F8 /* IOS@TaipeiUITests */ = {
			isa = PBXGroup;
			children = (
				C17FB93A23523F1500BA85F8 /* IOS_TaipeiUITests.swift */,
				C17FB93C23523F1600BA85F8 /* Info.plist */,
			);
			path = "IOS@TaipeiUITests";
			sourceTree = "<group>";
		};
		C1FBD84B23590569003AB0D0 /* Manager */ = {
			isa = PBXGroup;
			children = (
				C1FBD849235903A8003AB0D0 /* RemoteConfigManager.swift */,
			);
			path = Manager;
			sourceTree = "<group>";
		};
		D35498A793B3EC61E448AF2A /* Pods */ = {
			isa = PBXGroup;
			children = (
				F2B69117E09D64B0733EBD96 /* Pods-IOS@Taipei.debug.xcconfig */,
				89B31832CDE4A29A621180E1 /* Pods-IOS@Taipei.release.xcconfig */,
				336250609969D4A9013A738D /* Pods-IOS@Taipei-IOS@TaipeiUITests.debug.xcconfig */,
				3DE0003A2D06E98947B9C6CD /* Pods-IOS@Taipei-IOS@TaipeiUITests.release.xcconfig */,
				0B7F372F5D56A8548AF5BA35 /* Pods-IOS@TaipeiTests.debug.xcconfig */,
				EE510504338FC26148C5FA2F /* Pods-IOS@TaipeiTests.release.xcconfig */,
			);
			path = Pods;
			sourceTree = "<group>";
		};
/* End PBXGroup section */

/* Begin PBXNativeTarget section */
		C17FB91423523F1500BA85F8 /* IOS@Taipei */ = {
			isa = PBXNativeTarget;
			buildConfigurationList = C17FB93F23523F1600BA85F8 /* Build configuration list for PBXNativeTarget "IOS@Taipei" */;
			buildPhases = (
				D50C7CC389F61AEA816D45AA /* [CP] Check Pods Manifest.lock */,
				C17FB91123523F1500BA85F8 /* Sources */,
				C17FB91223523F1500BA85F8 /* Frameworks */,
				C17FB91323523F1500BA85F8 /* Resources */,
				26EF348EBBB8958D24482692 /* [CP] Embed Pods Frameworks */,
			);
			buildRules = (
			);
			dependencies = (
			);
			name = "IOS@Taipei";
			productName = "IOS@Taipei";
			productReference = C17FB91523523F1500BA85F8 /* IOS@Taipei.app */;
			productType = "com.apple.product-type.application";
		};
		C17FB92A23523F1500BA85F8 /* IOS@TaipeiTests */ = {
			isa = PBXNativeTarget;
			buildConfigurationList = C17FB94223523F1600BA85F8 /* Build configuration list for PBXNativeTarget "IOS@TaipeiTests" */;
			buildPhases = (
				6FD1C393DD077F2F29F01E06 /* [CP] Check Pods Manifest.lock */,
				C17FB92723523F1500BA85F8 /* Sources */,
				C17FB92823523F1500BA85F8 /* Frameworks */,
				C17FB92923523F1500BA85F8 /* Resources */,
			);
			buildRules = (
			);
			dependencies = (
				C17FB92D23523F1500BA85F8 /* PBXTargetDependency */,
			);
			name = "IOS@TaipeiTests";
			productName = "IOS@TaipeiTests";
			productReference = C17FB92B23523F1500BA85F8 /* IOS@TaipeiTests.xctest */;
			productType = "com.apple.product-type.bundle.unit-test";
		};
		C17FB93523523F1500BA85F8 /* IOS@TaipeiUITests */ = {
			isa = PBXNativeTarget;
			buildConfigurationList = C17FB94523523F1600BA85F8 /* Build configuration list for PBXNativeTarget "IOS@TaipeiUITests" */;
			buildPhases = (
				A65487C085534E9DEDCEA1AE /* [CP] Check Pods Manifest.lock */,
				C17FB93223523F1500BA85F8 /* Sources */,
				C17FB93323523F1500BA85F8 /* Frameworks */,
				C17FB93423523F1500BA85F8 /* Resources */,
				A1114EB99198C275089FADF6 /* [CP] Embed Pods Frameworks */,
			);
			buildRules = (
			);
			dependencies = (
				C17FB93823523F1500BA85F8 /* PBXTargetDependency */,
			);
			name = "IOS@TaipeiUITests";
			productName = "IOS@TaipeiUITests";
			productReference = C17FB93623523F1500BA85F8 /* IOS@TaipeiUITests.xctest */;
			productType = "com.apple.product-type.bundle.ui-testing";
		};
/* End PBXNativeTarget section */

/* Begin PBXProject section */
		C17FB90D23523F1500BA85F8 /* Project object */ = {
			isa = PBXProject;
			attributes = {
				LastSwiftUpdateCheck = 1030;
				LastUpgradeCheck = 1030;
				ORGANIZATIONNAME = "iOS@Taipei";
				TargetAttributes = {
					C17FB91423523F1500BA85F8 = {
						CreatedOnToolsVersion = 10.3;
					};
					C17FB92A23523F1500BA85F8 = {
						CreatedOnToolsVersion = 10.3;
						TestTargetID = C17FB91423523F1500BA85F8;
					};
					C17FB93523523F1500BA85F8 = {
						CreatedOnToolsVersion = 10.3;
						TestTargetID = C17FB91423523F1500BA85F8;
					};
				};
			};
			buildConfigurationList = C17FB91023523F1500BA85F8 /* Build configuration list for PBXProject "IOS@Taipei" */;
			compatibilityVersion = "Xcode 9.3";
			developmentRegion = en;
			hasScannedForEncodings = 0;
			knownRegions = (
				en,
				Base,
			);
			mainGroup = C17FB90C23523F1500BA85F8;
			productRefGroup = C17FB91623523F1500BA85F8 /* Products */;
			projectDirPath = "";
			projectRoot = "";
			targets = (
				C17FB91423523F1500BA85F8 /* IOS@Taipei */,
				C17FB92A23523F1500BA85F8 /* IOS@TaipeiTests */,
				C17FB93523523F1500BA85F8 /* IOS@TaipeiUITests */,
			);
		};
/* End PBXProject section */

/* Begin PBXResourcesBuildPhase section */
		C17FB91323523F1500BA85F8 /* Resources */ = {
			isa = PBXResourcesBuildPhase;
			buildActionMask = 2147483647;
			files = (
				C17FB92523523F1500BA85F8 /* LaunchScreen.storyboard in Resources */,
				AE1C4E1D235C0498008CF1C3 /* Event.storyboard in Resources */,
				AEB0D4A3235C1B6200673A83 /* GoogleService-Info.plist in Resources */,
				C17FB92223523F1500BA85F8 /* Assets.xcassets in Resources */,
				C17FB92023523F1500BA85F8 /* Main.storyboard in Resources */,
			);
			runOnlyForDeploymentPostprocessing = 0;
		};
		C17FB92923523F1500BA85F8 /* Resources */ = {
			isa = PBXResourcesBuildPhase;
			buildActionMask = 2147483647;
			files = (
			);
			runOnlyForDeploymentPostprocessing = 0;
		};
		C17FB93423523F1500BA85F8 /* Resources */ = {
			isa = PBXResourcesBuildPhase;
			buildActionMask = 2147483647;
			files = (
			);
			runOnlyForDeploymentPostprocessing = 0;
		};
/* End PBXResourcesBuildPhase section */

/* Begin PBXShellScriptBuildPhase section */
		26EF348EBBB8958D24482692 /* [CP] Embed Pods Frameworks */ = {
			isa = PBXShellScriptBuildPhase;
			buildActionMask = 2147483647;
			files = (
			);
			inputFileListPaths = (
				"${PODS_ROOT}/Target Support Files/Pods-IOS@Taipei/Pods-IOS@Taipei-frameworks-${CONFIGURATION}-input-files.xcfilelist",
			);
			name = "[CP] Embed Pods Frameworks";
			outputFileListPaths = (
				"${PODS_ROOT}/Target Support Files/Pods-IOS@Taipei/Pods-IOS@Taipei-frameworks-${CONFIGURATION}-output-files.xcfilelist",
			);
			runOnlyForDeploymentPostprocessing = 0;
			shellPath = /bin/sh;
			shellScript = "\"${PODS_ROOT}/Target Support Files/Pods-IOS@Taipei/Pods-IOS@Taipei-frameworks.sh\"\n";
			showEnvVarsInLog = 0;
		};
		6FD1C393DD077F2F29F01E06 /* [CP] Check Pods Manifest.lock */ = {
			isa = PBXShellScriptBuildPhase;
			buildActionMask = 2147483647;
			files = (
			);
			inputFileListPaths = (
			);
			inputPaths = (
				"${PODS_PODFILE_DIR_PATH}/Podfile.lock",
				"${PODS_ROOT}/Manifest.lock",
			);
			name = "[CP] Check Pods Manifest.lock";
			outputFileListPaths = (
			);
			outputPaths = (
				"$(DERIVED_FILE_DIR)/Pods-IOS@TaipeiTests-checkManifestLockResult.txt",
			);
			runOnlyForDeploymentPostprocessing = 0;
			shellPath = /bin/sh;
			shellScript = "diff \"${PODS_PODFILE_DIR_PATH}/Podfile.lock\" \"${PODS_ROOT}/Manifest.lock\" > /dev/null\nif [ $? != 0 ] ; then\n    # print error to STDERR\n    echo \"error: The sandbox is not in sync with the Podfile.lock. Run 'pod install' or update your CocoaPods installation.\" >&2\n    exit 1\nfi\n# This output is used by Xcode 'outputs' to avoid re-running this script phase.\necho \"SUCCESS\" > \"${SCRIPT_OUTPUT_FILE_0}\"\n";
			showEnvVarsInLog = 0;
		};
		A1114EB99198C275089FADF6 /* [CP] Embed Pods Frameworks */ = {
			isa = PBXShellScriptBuildPhase;
			buildActionMask = 2147483647;
			files = (
			);
			inputFileListPaths = (
				"${PODS_ROOT}/Target Support Files/Pods-IOS@Taipei-IOS@TaipeiUITests/Pods-IOS@Taipei-IOS@TaipeiUITests-frameworks-${CONFIGURATION}-input-files.xcfilelist",
			);
			name = "[CP] Embed Pods Frameworks";
			outputFileListPaths = (
				"${PODS_ROOT}/Target Support Files/Pods-IOS@Taipei-IOS@TaipeiUITests/Pods-IOS@Taipei-IOS@TaipeiUITests-frameworks-${CONFIGURATION}-output-files.xcfilelist",
			);
			runOnlyForDeploymentPostprocessing = 0;
			shellPath = /bin/sh;
			shellScript = "\"${PODS_ROOT}/Target Support Files/Pods-IOS@Taipei-IOS@TaipeiUITests/Pods-IOS@Taipei-IOS@TaipeiUITests-frameworks.sh\"\n";
			showEnvVarsInLog = 0;
		};
		A65487C085534E9DEDCEA1AE /* [CP] Check Pods Manifest.lock */ = {
			isa = PBXShellScriptBuildPhase;
			buildActionMask = 2147483647;
			files = (
			);
			inputFileListPaths = (
			);
			inputPaths = (
				"${PODS_PODFILE_DIR_PATH}/Podfile.lock",
				"${PODS_ROOT}/Manifest.lock",
			);
			name = "[CP] Check Pods Manifest.lock";
			outputFileListPaths = (
			);
			outputPaths = (
				"$(DERIVED_FILE_DIR)/Pods-IOS@Taipei-IOS@TaipeiUITests-checkManifestLockResult.txt",
			);
			runOnlyForDeploymentPostprocessing = 0;
			shellPath = /bin/sh;
			shellScript = "diff \"${PODS_PODFILE_DIR_PATH}/Podfile.lock\" \"${PODS_ROOT}/Manifest.lock\" > /dev/null\nif [ $? != 0 ] ; then\n    # print error to STDERR\n    echo \"error: The sandbox is not in sync with the Podfile.lock. Run 'pod install' or update your CocoaPods installation.\" >&2\n    exit 1\nfi\n# This output is used by Xcode 'outputs' to avoid re-running this script phase.\necho \"SUCCESS\" > \"${SCRIPT_OUTPUT_FILE_0}\"\n";
			showEnvVarsInLog = 0;
		};
		D50C7CC389F61AEA816D45AA /* [CP] Check Pods Manifest.lock */ = {
			isa = PBXShellScriptBuildPhase;
			buildActionMask = 2147483647;
			files = (
			);
			inputFileListPaths = (
			);
			inputPaths = (
				"${PODS_PODFILE_DIR_PATH}/Podfile.lock",
				"${PODS_ROOT}/Manifest.lock",
			);
			name = "[CP] Check Pods Manifest.lock";
			outputFileListPaths = (
			);
			outputPaths = (
				"$(DERIVED_FILE_DIR)/Pods-IOS@Taipei-checkManifestLockResult.txt",
			);
			runOnlyForDeploymentPostprocessing = 0;
			shellPath = /bin/sh;
			shellScript = "diff \"${PODS_PODFILE_DIR_PATH}/Podfile.lock\" \"${PODS_ROOT}/Manifest.lock\" > /dev/null\nif [ $? != 0 ] ; then\n    # print error to STDERR\n    echo \"error: The sandbox is not in sync with the Podfile.lock. Run 'pod install' or update your CocoaPods installation.\" >&2\n    exit 1\nfi\n# This output is used by Xcode 'outputs' to avoid re-running this script phase.\necho \"SUCCESS\" > \"${SCRIPT_OUTPUT_FILE_0}\"\n";
			showEnvVarsInLog = 0;
		};
/* End PBXShellScriptBuildPhase section */

/* Begin PBXSourcesBuildPhase section */
		C17FB91123523F1500BA85F8 /* Sources */ = {
			isa = PBXSourcesBuildPhase;
			buildActionMask = 2147483647;
			files = (
				AEB0D4A1235C129A00673A83 /* RemoteConfigDefaults.plist in Sources */,
				AE1C4DF5235BF60C008CF1C3 /* VCFactory.swift in Sources */,
				AEB0D4A8235C48C800673A83 /* Fonts.swift in Sources */,
				AE1C4DFC235BF8D8008CF1C3 /* Colors.swift in Sources */,
				05CF562723602FE900DEA44A /* GroupEventCover.swift in Sources */,
				AE1C4E0F235BFB03008CF1C3 /* UIApplication + constants.swift in Sources */,
				C1FBD84A235903A8003AB0D0 /* RemoteConfigManager.swift in Sources */,
				AE1C4E0B235BFA29008CF1C3 /* NSObject + ClassName.swift in Sources */,
				AE1C4E16235BFE3D008CF1C3 /* Router + Event.swift in Sources */,
				AE1C4DFA235BF8CE008CF1C3 /* AppConfig.swift in Sources */,
				AE1C4DFE235BF8E5008CF1C3 /* Images.swift in Sources */,
				AE1C4DF7235BF650008CF1C3 /* SBHelper.swift in Sources */,
				AE1C4DE7235BF322008CF1C3 /* TabBarController.swift in Sources */,
				AEB0D4A6235C471D00673A83 /* UIColor + initializer.swift in Sources */,
				AE1C4E12235BFB40008CF1C3 /* UIView + Constraints.swift in Sources */,
				AE1C4E02235BF8F7008CF1C3 /* NotificationNames.swift in Sources */,
				05CF562523602FD300DEA44A /* GroupEvent.swift in Sources */,
				AE1C4E00235BF8EC008CF1C3 /* Words.swift in Sources */,
				AE1C4E05235BF9A8008CF1C3 /* Array + Extension.swift in Sources */,
				AE1C4E14235BFBBB008CF1C3 /* UIView + Animation.swift in Sources */,
				C17FB91923523F1500BA85F8 /* AppDelegate.swift in Sources */,
				AE1C4DEA235BF3F8008CF1C3 /* LaunchVC.swift in Sources */,
				AE1C4E07235BF9EF008CF1C3 /* NSObject + Builder.swift in Sources */,
				05CF56292360301E00DEA44A /* GroupEventPlace.swift in Sources */,
				AE1C4DED235BF54A008CF1C3 /* Router.swift in Sources */,
				05CF561F236011DA00DEA44A /* GroupEventRepository.swift in Sources */,
				AE1C4DEF235BF594008CF1C3 /* NavigationController.swift in Sources */,
				C17FB91B23523F1500BA85F8 /* EventListVC.swift in Sources */,
				05CF5622236018A600DEA44A /* GroupEventResult.swift in Sources */,
				AE1C4DF2235BF5DA008CF1C3 /* Router + Main.swift in Sources */,
				AE1C4E1A235C03FA008CF1C3 /* EventDetailVC.swift in Sources */,
			);
			runOnlyForDeploymentPostprocessing = 0;
		};
		C17FB92723523F1500BA85F8 /* Sources */ = {
			isa = PBXSourcesBuildPhase;
			buildActionMask = 2147483647;
			files = (
				C17FB93023523F1500BA85F8 /* IOS_TaipeiTests.swift in Sources */,
				C1FBD84F23591734003AB0D0 /* RemoteConfigTests.swift in Sources */,
				C1FBD85023591783003AB0D0 /* RemoteConfigManager.swift in Sources */,
			);
			runOnlyForDeploymentPostprocessing = 0;
		};
		C17FB93223523F1500BA85F8 /* Sources */ = {
			isa = PBXSourcesBuildPhase;
			buildActionMask = 2147483647;
			files = (
				C17FB93B23523F1500BA85F8 /* IOS_TaipeiUITests.swift in Sources */,
				AE1C4DE8235BF322008CF1C3 /* TabBarController.swift in Sources */,
			);
			runOnlyForDeploymentPostprocessing = 0;
		};
/* End PBXSourcesBuildPhase section */

/* Begin PBXTargetDependency section */
		C17FB92D23523F1500BA85F8 /* PBXTargetDependency */ = {
			isa = PBXTargetDependency;
			target = C17FB91423523F1500BA85F8 /* IOS@Taipei */;
			targetProxy = C17FB92C23523F1500BA85F8 /* PBXContainerItemProxy */;
		};
		C17FB93823523F1500BA85F8 /* PBXTargetDependency */ = {
			isa = PBXTargetDependency;
			target = C17FB91423523F1500BA85F8 /* IOS@Taipei */;
			targetProxy = C17FB93723523F1500BA85F8 /* PBXContainerItemProxy */;
		};
/* End PBXTargetDependency section */

/* Begin PBXVariantGroup section */
		C17FB91E23523F1500BA85F8 /* Main.storyboard */ = {
			isa = PBXVariantGroup;
			children = (
				C17FB91F23523F1500BA85F8 /* Base */,
			);
			name = Main.storyboard;
			sourceTree = "<group>";
		};
		C17FB92323523F1500BA85F8 /* LaunchScreen.storyboard */ = {
			isa = PBXVariantGroup;
			children = (
				C17FB92423523F1500BA85F8 /* Base */,
			);
			name = LaunchScreen.storyboard;
			sourceTree = "<group>";
		};
/* End PBXVariantGroup section */

/* Begin XCBuildConfiguration section */
		C17FB93D23523F1600BA85F8 /* Debug */ = {
			isa = XCBuildConfiguration;
			buildSettings = {
				ALWAYS_SEARCH_USER_PATHS = NO;
				CLANG_ANALYZER_NONNULL = YES;
				CLANG_ANALYZER_NUMBER_OBJECT_CONVERSION = YES_AGGRESSIVE;
				CLANG_CXX_LANGUAGE_STANDARD = "gnu++14";
				CLANG_CXX_LIBRARY = "libc++";
				CLANG_ENABLE_MODULES = YES;
				CLANG_ENABLE_OBJC_ARC = YES;
				CLANG_ENABLE_OBJC_WEAK = YES;
				CLANG_WARN_BLOCK_CAPTURE_AUTORELEASING = YES;
				CLANG_WARN_BOOL_CONVERSION = YES;
				CLANG_WARN_COMMA = YES;
				CLANG_WARN_CONSTANT_CONVERSION = YES;
				CLANG_WARN_DEPRECATED_OBJC_IMPLEMENTATIONS = YES;
				CLANG_WARN_DIRECT_OBJC_ISA_USAGE = YES_ERROR;
				CLANG_WARN_DOCUMENTATION_COMMENTS = YES;
				CLANG_WARN_EMPTY_BODY = YES;
				CLANG_WARN_ENUM_CONVERSION = YES;
				CLANG_WARN_INFINITE_RECURSION = YES;
				CLANG_WARN_INT_CONVERSION = YES;
				CLANG_WARN_NON_LITERAL_NULL_CONVERSION = YES;
				CLANG_WARN_OBJC_IMPLICIT_RETAIN_SELF = YES;
				CLANG_WARN_OBJC_LITERAL_CONVERSION = YES;
				CLANG_WARN_OBJC_ROOT_CLASS = YES_ERROR;
				CLANG_WARN_RANGE_LOOP_ANALYSIS = YES;
				CLANG_WARN_STRICT_PROTOTYPES = YES;
				CLANG_WARN_SUSPICIOUS_MOVE = YES;
				CLANG_WARN_UNGUARDED_AVAILABILITY = YES_AGGRESSIVE;
				CLANG_WARN_UNREACHABLE_CODE = YES;
				CLANG_WARN__DUPLICATE_METHOD_MATCH = YES;
				CODE_SIGN_IDENTITY = "iPhone Developer";
				COPY_PHASE_STRIP = NO;
				DEBUG_INFORMATION_FORMAT = dwarf;
				ENABLE_STRICT_OBJC_MSGSEND = YES;
				ENABLE_TESTABILITY = YES;
				GCC_C_LANGUAGE_STANDARD = gnu11;
				GCC_DYNAMIC_NO_PIC = NO;
				GCC_NO_COMMON_BLOCKS = YES;
				GCC_OPTIMIZATION_LEVEL = 0;
				GCC_PREPROCESSOR_DEFINITIONS = (
					"DEBUG=1",
					"$(inherited)",
				);
				GCC_WARN_64_TO_32_BIT_CONVERSION = YES;
				GCC_WARN_ABOUT_RETURN_TYPE = YES_ERROR;
				GCC_WARN_UNDECLARED_SELECTOR = YES;
				GCC_WARN_UNINITIALIZED_AUTOS = YES_AGGRESSIVE;
				GCC_WARN_UNUSED_FUNCTION = YES;
				GCC_WARN_UNUSED_VARIABLE = YES;
				IPHONEOS_DEPLOYMENT_TARGET = 12.4;
				MTL_ENABLE_DEBUG_INFO = INCLUDE_SOURCE;
				MTL_FAST_MATH = YES;
				ONLY_ACTIVE_ARCH = YES;
				SDKROOT = iphoneos;
				SWIFT_ACTIVE_COMPILATION_CONDITIONS = DEBUG;
				SWIFT_OPTIMIZATION_LEVEL = "-Onone";
			};
			name = Debug;
		};
		C17FB93E23523F1600BA85F8 /* Release */ = {
			isa = XCBuildConfiguration;
			buildSettings = {
				ALWAYS_SEARCH_USER_PATHS = NO;
				CLANG_ANALYZER_NONNULL = YES;
				CLANG_ANALYZER_NUMBER_OBJECT_CONVERSION = YES_AGGRESSIVE;
				CLANG_CXX_LANGUAGE_STANDARD = "gnu++14";
				CLANG_CXX_LIBRARY = "libc++";
				CLANG_ENABLE_MODULES = YES;
				CLANG_ENABLE_OBJC_ARC = YES;
				CLANG_ENABLE_OBJC_WEAK = YES;
				CLANG_WARN_BLOCK_CAPTURE_AUTORELEASING = YES;
				CLANG_WARN_BOOL_CONVERSION = YES;
				CLANG_WARN_COMMA = YES;
				CLANG_WARN_CONSTANT_CONVERSION = YES;
				CLANG_WARN_DEPRECATED_OBJC_IMPLEMENTATIONS = YES;
				CLANG_WARN_DIRECT_OBJC_ISA_USAGE = YES_ERROR;
				CLANG_WARN_DOCUMENTATION_COMMENTS = YES;
				CLANG_WARN_EMPTY_BODY = YES;
				CLANG_WARN_ENUM_CONVERSION = YES;
				CLANG_WARN_INFINITE_RECURSION = YES;
				CLANG_WARN_INT_CONVERSION = YES;
				CLANG_WARN_NON_LITERAL_NULL_CONVERSION = YES;
				CLANG_WARN_OBJC_IMPLICIT_RETAIN_SELF = YES;
				CLANG_WARN_OBJC_LITERAL_CONVERSION = YES;
				CLANG_WARN_OBJC_ROOT_CLASS = YES_ERROR;
				CLANG_WARN_RANGE_LOOP_ANALYSIS = YES;
				CLANG_WARN_STRICT_PROTOTYPES = YES;
				CLANG_WARN_SUSPICIOUS_MOVE = YES;
				CLANG_WARN_UNGUARDED_AVAILABILITY = YES_AGGRESSIVE;
				CLANG_WARN_UNREACHABLE_CODE = YES;
				CLANG_WARN__DUPLICATE_METHOD_MATCH = YES;
				CODE_SIGN_IDENTITY = "iPhone Developer";
				COPY_PHASE_STRIP = NO;
				DEBUG_INFORMATION_FORMAT = "dwarf-with-dsym";
				ENABLE_NS_ASSERTIONS = NO;
				ENABLE_STRICT_OBJC_MSGSEND = YES;
				GCC_C_LANGUAGE_STANDARD = gnu11;
				GCC_NO_COMMON_BLOCKS = YES;
				GCC_WARN_64_TO_32_BIT_CONVERSION = YES;
				GCC_WARN_ABOUT_RETURN_TYPE = YES_ERROR;
				GCC_WARN_UNDECLARED_SELECTOR = YES;
				GCC_WARN_UNINITIALIZED_AUTOS = YES_AGGRESSIVE;
				GCC_WARN_UNUSED_FUNCTION = YES;
				GCC_WARN_UNUSED_VARIABLE = YES;
				IPHONEOS_DEPLOYMENT_TARGET = 12.4;
				MTL_ENABLE_DEBUG_INFO = NO;
				MTL_FAST_MATH = YES;
				SDKROOT = iphoneos;
				SWIFT_COMPILATION_MODE = wholemodule;
				SWIFT_OPTIMIZATION_LEVEL = "-O";
				VALIDATE_PRODUCT = YES;
			};
			name = Release;
		};
		C17FB94023523F1600BA85F8 /* Debug */ = {
			isa = XCBuildConfiguration;
			baseConfigurationReference = F2B69117E09D64B0733EBD96 /* Pods-IOS@Taipei.debug.xcconfig */;
			buildSettings = {
				ASSETCATALOG_COMPILER_APPICON_NAME = AppIcon;
				CODE_SIGN_STYLE = Automatic;
				DEVELOPMENT_TEAM = 7Y4TPNE48W;
				INFOPLIST_FILE = "IOS@Taipei/Supporting Files/Info.plist";
				IPHONEOS_DEPLOYMENT_TARGET = 11;
				LD_RUNPATH_SEARCH_PATHS = (
					"$(inherited)",
					"@executable_path/Frameworks",
				);
				PRODUCT_BUNDLE_IDENTIFIER = "com.iOS-Taipei.IOS-Taipei";
				PRODUCT_NAME = "$(TARGET_NAME)";
				SWIFT_VERSION = 5.0;
				TARGETED_DEVICE_FAMILY = 1;
			};
			name = Debug;
		};
		C17FB94123523F1600BA85F8 /* Release */ = {
			isa = XCBuildConfiguration;
			baseConfigurationReference = 89B31832CDE4A29A621180E1 /* Pods-IOS@Taipei.release.xcconfig */;
			buildSettings = {
				ASSETCATALOG_COMPILER_APPICON_NAME = AppIcon;
				CODE_SIGN_STYLE = Automatic;
				DEVELOPMENT_TEAM = 7Y4TPNE48W;
				INFOPLIST_FILE = "IOS@Taipei/Supporting Files/Info.plist";
				IPHONEOS_DEPLOYMENT_TARGET = 11;
				LD_RUNPATH_SEARCH_PATHS = (
					"$(inherited)",
					"@executable_path/Frameworks",
				);
				PRODUCT_BUNDLE_IDENTIFIER = "com.iOS-Taipei.IOS-Taipei";
				PRODUCT_NAME = "$(TARGET_NAME)";
				SWIFT_VERSION = 5.0;
				TARGETED_DEVICE_FAMILY = 1;
			};
			name = Release;
		};
		C17FB94323523F1600BA85F8 /* Debug */ = {
			isa = XCBuildConfiguration;
			baseConfigurationReference = 0B7F372F5D56A8548AF5BA35 /* Pods-IOS@TaipeiTests.debug.xcconfig */;
			buildSettings = {
				ALWAYS_EMBED_SWIFT_STANDARD_LIBRARIES = YES;
				BUNDLE_LOADER = "$(TEST_HOST)";
				CODE_SIGN_STYLE = Automatic;
				INFOPLIST_FILE = "IOS@TaipeiTests/Info.plist";
				LD_RUNPATH_SEARCH_PATHS = (
					"$(inherited)",
					"@executable_path/Frameworks",
					"@loader_path/Frameworks",
				);
				PRODUCT_BUNDLE_IDENTIFIER = "com.iOS-Taipei.IOS-TaipeiTests";
				PRODUCT_NAME = "$(TARGET_NAME)";
				SWIFT_VERSION = 5.0;
				TARGETED_DEVICE_FAMILY = "1,2";
				TEST_HOST = "$(BUILT_PRODUCTS_DIR)/IOS@Taipei.app/IOS@Taipei";
			};
			name = Debug;
		};
		C17FB94423523F1600BA85F8 /* Release */ = {
			isa = XCBuildConfiguration;
			baseConfigurationReference = EE510504338FC26148C5FA2F /* Pods-IOS@TaipeiTests.release.xcconfig */;
			buildSettings = {
				ALWAYS_EMBED_SWIFT_STANDARD_LIBRARIES = YES;
				BUNDLE_LOADER = "$(TEST_HOST)";
				CODE_SIGN_STYLE = Automatic;
				INFOPLIST_FILE = "IOS@TaipeiTests/Info.plist";
				LD_RUNPATH_SEARCH_PATHS = (
					"$(inherited)",
					"@executable_path/Frameworks",
					"@loader_path/Frameworks",
				);
				PRODUCT_BUNDLE_IDENTIFIER = "com.iOS-Taipei.IOS-TaipeiTests";
				PRODUCT_NAME = "$(TARGET_NAME)";
				SWIFT_VERSION = 5.0;
				TARGETED_DEVICE_FAMILY = "1,2";
				TEST_HOST = "$(BUILT_PRODUCTS_DIR)/IOS@Taipei.app/IOS@Taipei";
			};
			name = Release;
		};
		C17FB94623523F1600BA85F8 /* Debug */ = {
			isa = XCBuildConfiguration;
			baseConfigurationReference = 336250609969D4A9013A738D /* Pods-IOS@Taipei-IOS@TaipeiUITests.debug.xcconfig */;
			buildSettings = {
				ALWAYS_EMBED_SWIFT_STANDARD_LIBRARIES = YES;
				CODE_SIGN_STYLE = Automatic;
				INFOPLIST_FILE = "IOS@TaipeiUITests/Info.plist";
				LD_RUNPATH_SEARCH_PATHS = (
					"$(inherited)",
					"@executable_path/Frameworks",
					"@loader_path/Frameworks",
				);
				PRODUCT_BUNDLE_IDENTIFIER = "com.iOS-Taipei.IOS-TaipeiUITests";
				PRODUCT_NAME = "$(TARGET_NAME)";
				SWIFT_VERSION = 5.0;
				TARGETED_DEVICE_FAMILY = "1,2";
				TEST_TARGET_NAME = "IOS@Taipei";
			};
			name = Debug;
		};
		C17FB94723523F1600BA85F8 /* Release */ = {
			isa = XCBuildConfiguration;
			baseConfigurationReference = 3DE0003A2D06E98947B9C6CD /* Pods-IOS@Taipei-IOS@TaipeiUITests.release.xcconfig */;
			buildSettings = {
				ALWAYS_EMBED_SWIFT_STANDARD_LIBRARIES = YES;
				CODE_SIGN_STYLE = Automatic;
				INFOPLIST_FILE = "IOS@TaipeiUITests/Info.plist";
				LD_RUNPATH_SEARCH_PATHS = (
					"$(inherited)",
					"@executable_path/Frameworks",
					"@loader_path/Frameworks",
				);
				PRODUCT_BUNDLE_IDENTIFIER = "com.iOS-Taipei.IOS-TaipeiUITests";
				PRODUCT_NAME = "$(TARGET_NAME)";
				SWIFT_VERSION = 5.0;
				TARGETED_DEVICE_FAMILY = "1,2";
				TEST_TARGET_NAME = "IOS@Taipei";
			};
			name = Release;
		};
/* End XCBuildConfiguration section */

/* Begin XCConfigurationList section */
		C17FB91023523F1500BA85F8 /* Build configuration list for PBXProject "IOS@Taipei" */ = {
			isa = XCConfigurationList;
			buildConfigurations = (
				C17FB93D23523F1600BA85F8 /* Debug */,
				C17FB93E23523F1600BA85F8 /* Release */,
			);
			defaultConfigurationIsVisible = 0;
			defaultConfigurationName = Release;
		};
		C17FB93F23523F1600BA85F8 /* Build configuration list for PBXNativeTarget "IOS@Taipei" */ = {
			isa = XCConfigurationList;
			buildConfigurations = (
				C17FB94023523F1600BA85F8 /* Debug */,
				C17FB94123523F1600BA85F8 /* Release */,
			);
			defaultConfigurationIsVisible = 0;
			defaultConfigurationName = Release;
		};
		C17FB94223523F1600BA85F8 /* Build configuration list for PBXNativeTarget "IOS@TaipeiTests" */ = {
			isa = XCConfigurationList;
			buildConfigurations = (
				C17FB94323523F1600BA85F8 /* Debug */,
				C17FB94423523F1600BA85F8 /* Release */,
			);
			defaultConfigurationIsVisible = 0;
			defaultConfigurationName = Release;
		};
		C17FB94523523F1600BA85F8 /* Build configuration list for PBXNativeTarget "IOS@TaipeiUITests" */ = {
			isa = XCConfigurationList;
			buildConfigurations = (
				C17FB94623523F1600BA85F8 /* Debug */,
				C17FB94723523F1600BA85F8 /* Release */,
			);
			defaultConfigurationIsVisible = 0;
			defaultConfigurationName = Release;
		};
/* End XCConfigurationList section */
	};
	rootObject = C17FB90D23523F1500BA85F8 /* Project object */;
}
