// !$*UTF8*$!
{
	archiveVersion = 1;
	classes = {
	};
	objectVersion = 51;
	objects = {

/* Begin PBXBuildFile section */
		570D075F2358B0F900F8948D /* FacebookEventRepository.swift in Sources */ = {isa = PBXBuildFile; fileRef = 570D075E2358B0F900F8948D /* FacebookEventRepository.swift */; };
		570D076A2358BE5E00F8948D /* FacebookEventPlace.swift in Sources */ = {isa = PBXBuildFile; fileRef = 570D07642358BE5E00F8948D /* FacebookEventPlace.swift */; };
		570D076B2358BE5E00F8948D /* FacebookEventListCursors.swift in Sources */ = {isa = PBXBuildFile; fileRef = 570D07652358BE5E00F8948D /* FacebookEventListCursors.swift */; };
		570D076C2358BE5E00F8948D /* FacebookEventCover.swift in Sources */ = {isa = PBXBuildFile; fileRef = 570D07662358BE5E00F8948D /* FacebookEventCover.swift */; };
		570D076D2358BE5E00F8948D /* FacebookEvent.swift in Sources */ = {isa = PBXBuildFile; fileRef = 570D07672358BE5E00F8948D /* FacebookEvent.swift */; };
		570D076E2358BE5E00F8948D /* FacebookEventListPaging.swift in Sources */ = {isa = PBXBuildFile; fileRef = 570D07682358BE5E00F8948D /* FacebookEventListPaging.swift */; };
		570D076F2358BE5E00F8948D /* FacebookEventListResult.swift in Sources */ = {isa = PBXBuildFile; fileRef = 570D07692358BE5E00F8948D /* FacebookEventListResult.swift */; };
		570D07BB23599D8400F8948D /* secrets.swift in Sources */ = {isa = PBXBuildFile; fileRef = 570D07BA23599D8400F8948D /* secrets.swift */; };
		6B5B762BB00B83DBCAE161C2 /* Pods_IOS_TaipeiTests.framework in Frameworks */ = {isa = PBXBuildFile; fileRef = C76F4BF400E00DDF6CB29EC8 /* Pods_IOS_TaipeiTests.framework */; };
		6F01E664D03065B150B60B2B /* Pods_IOS_TaipeiUITests.framework in Frameworks */ = {isa = PBXBuildFile; fileRef = D0CF5B62EB9FA96EFAA2245A /* Pods_IOS_TaipeiUITests.framework */; };
		B02F0E0334A2C5CDE1786F7E /* Pods_IOS_Taipei.framework in Frameworks */ = {isa = PBXBuildFile; fileRef = A8588AD7A406F19E7BD4C097 /* Pods_IOS_Taipei.framework */; };
		C17FB91923523F1500BA85F8 /* AppDelegate.swift in Sources */ = {isa = PBXBuildFile; fileRef = C17FB91823523F1500BA85F8 /* AppDelegate.swift */; };
		C17FB91B23523F1500BA85F8 /* FirstViewController.swift in Sources */ = {isa = PBXBuildFile; fileRef = C17FB91A23523F1500BA85F8 /* FirstViewController.swift */; };
		C17FB91D23523F1500BA85F8 /* SecondViewController.swift in Sources */ = {isa = PBXBuildFile; fileRef = C17FB91C23523F1500BA85F8 /* SecondViewController.swift */; };
		C17FB92023523F1500BA85F8 /* Main.storyboard in Resources */ = {isa = PBXBuildFile; fileRef = C17FB91E23523F1500BA85F8 /* Main.storyboard */; };
		C17FB92223523F1500BA85F8 /* Assets.xcassets in Resources */ = {isa = PBXBuildFile; fileRef = C17FB92123523F1500BA85F8 /* Assets.xcassets */; };
		C17FB92523523F1500BA85F8 /* LaunchScreen.storyboard in Resources */ = {isa = PBXBuildFile; fileRef = C17FB92323523F1500BA85F8 /* LaunchScreen.storyboard */; };
		C17FB93023523F1500BA85F8 /* IOS_TaipeiTests.swift in Sources */ = {isa = PBXBuildFile; fileRef = C17FB92F23523F1500BA85F8 /* IOS_TaipeiTests.swift */; };
		C17FB93B23523F1500BA85F8 /* IOS_TaipeiUITests.swift in Sources */ = {isa = PBXBuildFile; fileRef = C17FB93A23523F1500BA85F8 /* IOS_TaipeiUITests.swift */; };
/* End PBXBuildFile section */

/* Begin PBXContainerItemProxy section */
		C17FB92C23523F1500BA85F8 /* PBXContainerItemProxy */ = {
			isa = PBXContainerItemProxy;
			containerPortal = C17FB90D23523F1500BA85F8 /* Project object */;
			proxyType = 1;
			remoteGlobalIDString = C17FB91423523F1500BA85F8;
			remoteInfo = "IOS@Taipei";
		};
		C17FB93723523F1500BA85F8 /* PBXContainerItemProxy */ = {
			isa = PBXContainerItemProxy;
			containerPortal = C17FB90D23523F1500BA85F8 /* Project object */;
			proxyType = 1;
			remoteGlobalIDString = C17FB91423523F1500BA85F8;
			remoteInfo = "IOS@Taipei";
		};
/* End PBXContainerItemProxy section */

/* Begin PBXFileReference section */
		12F22F9E1506689E55701B4F /* Pods-IOS@TaipeiTests.release.xcconfig */ = {isa = PBXFileReference; includeInIndex = 1; lastKnownFileType = text.xcconfig; name = "Pods-IOS@TaipeiTests.release.xcconfig"; path = "Target Support Files/Pods-IOS@TaipeiTests/Pods-IOS@TaipeiTests.release.xcconfig"; sourceTree = "<group>"; };
		4D714C9DC9D9DD4ED52101B3 /* Pods-IOS@Taipei.release.xcconfig */ = {isa = PBXFileReference; includeInIndex = 1; lastKnownFileType = text.xcconfig; name = "Pods-IOS@Taipei.release.xcconfig"; path = "Target Support Files/Pods-IOS@Taipei/Pods-IOS@Taipei.release.xcconfig"; sourceTree = "<group>"; };
		570D075E2358B0F900F8948D /* FacebookEventRepository.swift */ = {isa = PBXFileReference; lastKnownFileType = sourcecode.swift; path = FacebookEventRepository.swift; sourceTree = "<group>"; };
		570D07642358BE5E00F8948D /* FacebookEventPlace.swift */ = {isa = PBXFileReference; fileEncoding = 4; lastKnownFileType = sourcecode.swift; path = FacebookEventPlace.swift; sourceTree = "<group>"; };
		570D07652358BE5E00F8948D /* FacebookEventListCursors.swift */ = {isa = PBXFileReference; fileEncoding = 4; lastKnownFileType = sourcecode.swift; path = FacebookEventListCursors.swift; sourceTree = "<group>"; };
		570D07662358BE5E00F8948D /* FacebookEventCover.swift */ = {isa = PBXFileReference; fileEncoding = 4; lastKnownFileType = sourcecode.swift; path = FacebookEventCover.swift; sourceTree = "<group>"; };
		570D07672358BE5E00F8948D /* FacebookEvent.swift */ = {isa = PBXFileReference; fileEncoding = 4; lastKnownFileType = sourcecode.swift; path = FacebookEvent.swift; sourceTree = "<group>"; };
		570D07682358BE5E00F8948D /* FacebookEventListPaging.swift */ = {isa = PBXFileReference; fileEncoding = 4; lastKnownFileType = sourcecode.swift; path = FacebookEventListPaging.swift; sourceTree = "<group>"; };
		570D07692358BE5E00F8948D /* FacebookEventListResult.swift */ = {isa = PBXFileReference; fileEncoding = 4; lastKnownFileType = sourcecode.swift; path = FacebookEventListResult.swift; sourceTree = "<group>"; };
		570D07BA23599D8400F8948D /* secrets.swift */ = {isa = PBXFileReference; fileEncoding = 4; lastKnownFileType = sourcecode.swift; path = secrets.swift; sourceTree = "<group>"; };
		A23F2708D2FD2EB05B481A3D /* Pods-IOS@TaipeiUITests.release.xcconfig */ = {isa = PBXFileReference; includeInIndex = 1; lastKnownFileType = text.xcconfig; name = "Pods-IOS@TaipeiUITests.release.xcconfig"; path = "Target Support Files/Pods-IOS@TaipeiUITests/Pods-IOS@TaipeiUITests.release.xcconfig"; sourceTree = "<group>"; };
		A8588AD7A406F19E7BD4C097 /* Pods_IOS_Taipei.framework */ = {isa = PBXFileReference; explicitFileType = wrapper.framework; includeInIndex = 0; path = Pods_IOS_Taipei.framework; sourceTree = BUILT_PRODUCTS_DIR; };
		C17FB91523523F1500BA85F8 /* IOS@Taipei.app */ = {isa = PBXFileReference; explicitFileType = wrapper.application; includeInIndex = 0; path = "IOS@Taipei.app"; sourceTree = BUILT_PRODUCTS_DIR; };
		C17FB91823523F1500BA85F8 /* AppDelegate.swift */ = {isa = PBXFileReference; lastKnownFileType = sourcecode.swift; path = AppDelegate.swift; sourceTree = "<group>"; };
		C17FB91A23523F1500BA85F8 /* FirstViewController.swift */ = {isa = PBXFileReference; lastKnownFileType = sourcecode.swift; name = FirstViewController.swift; path = ../FirstViewController.swift; sourceTree = "<group>"; };
		C17FB91C23523F1500BA85F8 /* SecondViewController.swift */ = {isa = PBXFileReference; lastKnownFileType = sourcecode.swift; name = SecondViewController.swift; path = ../SecondViewController.swift; sourceTree = "<group>"; };
		C17FB91F23523F1500BA85F8 /* Base */ = {isa = PBXFileReference; lastKnownFileType = file.storyboard; name = Base; path = Base.lproj/Main.storyboard; sourceTree = "<group>"; };
		C17FB92123523F1500BA85F8 /* Assets.xcassets */ = {isa = PBXFileReference; lastKnownFileType = folder.assetcatalog; path = Assets.xcassets; sourceTree = "<group>"; };
		C17FB92423523F1500BA85F8 /* Base */ = {isa = PBXFileReference; lastKnownFileType = file.storyboard; name = Base; path = Base.lproj/LaunchScreen.storyboard; sourceTree = "<group>"; };
		C17FB92623523F1500BA85F8 /* Info.plist */ = {isa = PBXFileReference; lastKnownFileType = text.plist.xml; path = Info.plist; sourceTree = "<group>"; };
		C17FB92B23523F1500BA85F8 /* IOS@TaipeiTests.xctest */ = {isa = PBXFileReference; explicitFileType = wrapper.cfbundle; includeInIndex = 0; path = "IOS@TaipeiTests.xctest"; sourceTree = BUILT_PRODUCTS_DIR; };
		C17FB92F23523F1500BA85F8 /* IOS_TaipeiTests.swift */ = {isa = PBXFileReference; lastKnownFileType = sourcecode.swift; path = IOS_TaipeiTests.swift; sourceTree = "<group>"; };
		C17FB93123523F1500BA85F8 /* Info.plist */ = {isa = PBXFileReference; lastKnownFileType = text.plist.xml; path = Info.plist; sourceTree = "<group>"; };
		C17FB93623523F1500BA85F8 /* IOS@TaipeiUITests.xctest */ = {isa = PBXFileReference; explicitFileType = wrapper.cfbundle; includeInIndex = 0; path = "IOS@TaipeiUITests.xctest"; sourceTree = BUILT_PRODUCTS_DIR; };
		C17FB93A23523F1500BA85F8 /* IOS_TaipeiUITests.swift */ = {isa = PBXFileReference; lastKnownFileType = sourcecode.swift; path = IOS_TaipeiUITests.swift; sourceTree = "<group>"; };
		C17FB93C23523F1600BA85F8 /* Info.plist */ = {isa = PBXFileReference; lastKnownFileType = text.plist.xml; path = Info.plist; sourceTree = "<group>"; };
		C499D04E43FE119EBF0E54CF /* Pods-IOS@Taipei.debug.xcconfig */ = {isa = PBXFileReference; includeInIndex = 1; lastKnownFileType = text.xcconfig; name = "Pods-IOS@Taipei.debug.xcconfig"; path = "Target Support Files/Pods-IOS@Taipei/Pods-IOS@Taipei.debug.xcconfig"; sourceTree = "<group>"; };
		C76F4BF400E00DDF6CB29EC8 /* Pods_IOS_TaipeiTests.framework */ = {isa = PBXFileReference; explicitFileType = wrapper.framework; includeInIndex = 0; path = Pods_IOS_TaipeiTests.framework; sourceTree = BUILT_PRODUCTS_DIR; };
		CB00077D00C2C0E82773D18F /* Pods-IOS@TaipeiTests.debug.xcconfig */ = {isa = PBXFileReference; includeInIndex = 1; lastKnownFileType = text.xcconfig; name = "Pods-IOS@TaipeiTests.debug.xcconfig"; path = "Target Support Files/Pods-IOS@TaipeiTests/Pods-IOS@TaipeiTests.debug.xcconfig"; sourceTree = "<group>"; };
		D0CF5B62EB9FA96EFAA2245A /* Pods_IOS_TaipeiUITests.framework */ = {isa = PBXFileReference; explicitFileType = wrapper.framework; includeInIndex = 0; path = Pods_IOS_TaipeiUITests.framework; sourceTree = BUILT_PRODUCTS_DIR; };
		FA85DD58A59A3603622E6983 /* Pods-IOS@TaipeiUITests.debug.xcconfig */ = {isa = PBXFileReference; includeInIndex = 1; lastKnownFileType = text.xcconfig; name = "Pods-IOS@TaipeiUITests.debug.xcconfig"; path = "Target Support Files/Pods-IOS@TaipeiUITests/Pods-IOS@TaipeiUITests.debug.xcconfig"; sourceTree = "<group>"; };
/* End PBXFileReference section */

/* Begin PBXFrameworksBuildPhase section */
		C17FB91223523F1500BA85F8 /* Frameworks */ = {
			isa = PBXFrameworksBuildPhase;
			buildActionMask = 2147483647;
			files = (
				B02F0E0334A2C5CDE1786F7E /* Pods_IOS_Taipei.framework in Frameworks */,
			);
			runOnlyForDeploymentPostprocessing = 0;
		};
		C17FB92823523F1500BA85F8 /* Frameworks */ = {
			isa = PBXFrameworksBuildPhase;
			buildActionMask = 2147483647;
			files = (
				6B5B762BB00B83DBCAE161C2 /* Pods_IOS_TaipeiTests.framework in Frameworks */,
			);
			runOnlyForDeploymentPostprocessing = 0;
		};
		C17FB93323523F1500BA85F8 /* Frameworks */ = {
			isa = PBXFrameworksBuildPhase;
			buildActionMask = 2147483647;
			files = (
				6F01E664D03065B150B60B2B /* Pods_IOS_TaipeiUITests.framework in Frameworks */,
			);
			runOnlyForDeploymentPostprocessing = 0;
		};
/* End PBXFrameworksBuildPhase section */

/* Begin PBXGroup section */
		44284C8E97F808760ABA5BB5 /* Frameworks */ = {
			isa = PBXGroup;
			children = (
				A8588AD7A406F19E7BD4C097 /* Pods_IOS_Taipei.framework */,
				C76F4BF400E00DDF6CB29EC8 /* Pods_IOS_TaipeiTests.framework */,
				D0CF5B62EB9FA96EFAA2245A /* Pods_IOS_TaipeiUITests.framework */,
			);
			name = Frameworks;
			sourceTree = "<group>";
		};
		570D07462358AE5100F8948D /* UI */ = {
			isa = PBXGroup;
			children = (
				570D07B7235990F500F8948D /* Routers */,
				570D07B5235990D500F8948D /* Views */,
				570D07B3235990B600F8948D /* VCs */,
				570D07B22359909600F8948D /* SBs */,
			);
			path = UI;
			sourceTree = "<group>";
		};
		570D07482358AE8000F8948D /* Repository */ = {
			isa = PBXGroup;
			children = (
				570D075E2358B0F900F8948D /* FacebookEventRepository.swift */,
			);
			path = Repository;
			sourceTree = "<group>";
		};
		570D074E2358AF7B00F8948D /* Support */ = {
			isa = PBXGroup;
			children = (
				570D07BA23599D8400F8948D /* secrets.swift */,
				C17FB92623523F1500BA85F8 /* Info.plist */,
				C17FB92123523F1500BA85F8 /* Assets.xcassets */,
				C17FB92323523F1500BA85F8 /* LaunchScreen.storyboard */,
			);
			name = Support;
			sourceTree = "<group>";
		};
		570D07622358BE5E00F8948D /* Model */ = {
			isa = PBXGroup;
			children = (
				570D07632358BE5E00F8948D /* FacebookEvent */,
			);
			path = Model;
			sourceTree = "<group>";
		};
		570D07632358BE5E00F8948D /* FacebookEvent */ = {
			isa = PBXGroup;
			children = (
				570D07642358BE5E00F8948D /* FacebookEventPlace.swift */,
				570D07652358BE5E00F8948D /* FacebookEventListCursors.swift */,
				570D07662358BE5E00F8948D /* FacebookEventCover.swift */,
				570D07672358BE5E00F8948D /* FacebookEvent.swift */,
				570D07682358BE5E00F8948D /* FacebookEventListPaging.swift */,
				570D07692358BE5E00F8948D /* FacebookEventListResult.swift */,
			);
			path = FacebookEvent;
			sourceTree = "<group>";
		};
		570D07AA23598F5000F8948D /* API */ = {
			isa = PBXGroup;
			children = (
			);
			path = API;
			sourceTree = "<group>";
		};
		570D07AB23598F5C00F8948D /* Database */ = {
			isa = PBXGroup;
			children = (
			);
			path = Database;
			sourceTree = "<group>";
		};
		570D07AC23598F7900F8948D /* Utilities */ = {
			isa = PBXGroup;
			children = (
			);
			path = Utilities;
			sourceTree = "<group>";
		};
		570D07AE2359901D00F8948D /* Constants */ = {
			isa = PBXGroup;
			children = (
			);
			path = Constants;
			sourceTree = "<group>";
		};
		570D07AF2359902700F8948D /* Extensions */ = {
			isa = PBXGroup;
			children = (
			);
			path = Extensions;
			sourceTree = "<group>";
		};
		570D07B02359903600F8948D /* Resources */ = {
			isa = PBXGroup;
			children = (
			);
			path = Resources;
			sourceTree = "<group>";
		};
		570D07B22359909600F8948D /* SBs */ = {
			isa = PBXGroup;
			children = (
				C17FB91E23523F1500BA85F8 /* Main.storyboard */,
			);
			path = SBs;
			sourceTree = "<group>";
		};
		570D07B3235990B600F8948D /* VCs */ = {
			isa = PBXGroup;
			children = (
				C17FB91A23523F1500BA85F8 /* FirstViewController.swift */,
				C17FB91C23523F1500BA85F8 /* SecondViewController.swift */,
			);
			path = VCs;
			sourceTree = "<group>";
		};
		570D07B5235990D500F8948D /* Views */ = {
			isa = PBXGroup;
			children = (
			);
			path = Views;
			sourceTree = "<group>";
		};
		570D07B7235990F500F8948D /* Routers */ = {
			isa = PBXGroup;
			children = (
			);
			path = Routers;
			sourceTree = "<group>";
		};
		C17FB90C23523F1500BA85F8 = {
			isa = PBXGroup;
			children = (
				C17FB91723523F1500BA85F8 /* IOS@Taipei */,
				C17FB92E23523F1500BA85F8 /* IOS@TaipeiTests */,
				C17FB93923523F1500BA85F8 /* IOS@TaipeiUITests */,
				C17FB91623523F1500BA85F8 /* Products */,
				D8D6403787C9E946477D0289 /* Pods */,
				44284C8E97F808760ABA5BB5 /* Frameworks */,
			);
			sourceTree = "<group>";
		};
		C17FB91623523F1500BA85F8 /* Products */ = {
			isa = PBXGroup;
			children = (
				C17FB91523523F1500BA85F8 /* IOS@Taipei.app */,
				C17FB92B23523F1500BA85F8 /* IOS@TaipeiTests.xctest */,
				C17FB93623523F1500BA85F8 /* IOS@TaipeiUITests.xctest */,
			);
			name = Products;
			sourceTree = "<group>";
		};
		C17FB91723523F1500BA85F8 /* IOS@Taipei */ = {
			isa = PBXGroup;
			children = (
				C17FB91823523F1500BA85F8 /* AppDelegate.swift */,
				570D07462358AE5100F8948D /* UI */,
				570D07482358AE8000F8948D /* Repository */,
				570D07AA23598F5000F8948D /* API */,
				570D07622358BE5E00F8948D /* Model */,
				570D07AB23598F5C00F8948D /* Database */,
				570D07AC23598F7900F8948D /* Utilities */,
				570D07AF2359902700F8948D /* Extensions */,
				570D07AE2359901D00F8948D /* Constants */,
				570D07B02359903600F8948D /* Resources */,
				570D074E2358AF7B00F8948D /* Support */,
			);
			path = "IOS@Taipei";
			sourceTree = "<group>";
		};
		C17FB92E23523F1500BA85F8 /* IOS@TaipeiTests */ = {
			isa = PBXGroup;
			children = (
				C17FB92F23523F1500BA85F8 /* IOS_TaipeiTests.swift */,
				C17FB93123523F1500BA85F8 /* Info.plist */,
			);
			path = "IOS@TaipeiTests";
			sourceTree = "<group>";
		};
		C17FB93923523F1500BA85F8 /* IOS@TaipeiUITests */ = {
			isa = PBXGroup;
			children = (
				C17FB93A23523F1500BA85F8 /* IOS_TaipeiUITests.swift */,
				C17FB93C23523F1600BA85F8 /* Info.plist */,
			);
			path = "IOS@TaipeiUITests";
			sourceTree = "<group>";
		};
		D8D6403787C9E946477D0289 /* Pods */ = {
			isa = PBXGroup;
			children = (
				C499D04E43FE119EBF0E54CF /* Pods-IOS@Taipei.debug.xcconfig */,
				4D714C9DC9D9DD4ED52101B3 /* Pods-IOS@Taipei.release.xcconfig */,
				CB00077D00C2C0E82773D18F /* Pods-IOS@TaipeiTests.debug.xcconfig */,
				12F22F9E1506689E55701B4F /* Pods-IOS@TaipeiTests.release.xcconfig */,
				FA85DD58A59A3603622E6983 /* Pods-IOS@TaipeiUITests.debug.xcconfig */,
				A23F2708D2FD2EB05B481A3D /* Pods-IOS@TaipeiUITests.release.xcconfig */,
			);
			path = Pods;
			sourceTree = "<group>";
		};
/* End PBXGroup section */

/* Begin PBXNativeTarget section */
		C17FB91423523F1500BA85F8 /* IOS@Taipei */ = {
			isa = PBXNativeTarget;
			buildConfigurationList = C17FB93F23523F1600BA85F8 /* Build configuration list for PBXNativeTarget "IOS@Taipei" */;
			buildPhases = (
				74CBDD095DA516EEB00FA614 /* [CP] Check Pods Manifest.lock */,
				C17FB91123523F1500BA85F8 /* Sources */,
				C17FB91223523F1500BA85F8 /* Frameworks */,
				C17FB91323523F1500BA85F8 /* Resources */,
				2CF96E97A5F490FE904C96B0 /* [CP] Embed Pods Frameworks */,
			);
			buildRules = (
			);
			dependencies = (
			);
			name = "IOS@Taipei";
			productName = "IOS@Taipei";
			productReference = C17FB91523523F1500BA85F8 /* IOS@Taipei.app */;
			productType = "com.apple.product-type.application";
		};
		C17FB92A23523F1500BA85F8 /* IOS@TaipeiTests */ = {
			isa = PBXNativeTarget;
			buildConfigurationList = C17FB94223523F1600BA85F8 /* Build configuration list for PBXNativeTarget "IOS@TaipeiTests" */;
			buildPhases = (
				5C96362943E1BB6B55354BBC /* [CP] Check Pods Manifest.lock */,
				C17FB92723523F1500BA85F8 /* Sources */,
				C17FB92823523F1500BA85F8 /* Frameworks */,
				C17FB92923523F1500BA85F8 /* Resources */,
			);
			buildRules = (
			);
			dependencies = (
				C17FB92D23523F1500BA85F8 /* PBXTargetDependency */,
			);
			name = "IOS@TaipeiTests";
			productName = "IOS@TaipeiTests";
			productReference = C17FB92B23523F1500BA85F8 /* IOS@TaipeiTests.xctest */;
			productType = "com.apple.product-type.bundle.unit-test";
		};
		C17FB93523523F1500BA85F8 /* IOS@TaipeiUITests */ = {
			isa = PBXNativeTarget;
			buildConfigurationList = C17FB94523523F1600BA85F8 /* Build configuration list for PBXNativeTarget "IOS@TaipeiUITests" */;
			buildPhases = (
				D0CF47FBD2522C1CFE15C158 /* [CP] Check Pods Manifest.lock */,
				C17FB93223523F1500BA85F8 /* Sources */,
				C17FB93323523F1500BA85F8 /* Frameworks */,
				C17FB93423523F1500BA85F8 /* Resources */,
			);
			buildRules = (
			);
			dependencies = (
				C17FB93823523F1500BA85F8 /* PBXTargetDependency */,
			);
			name = "IOS@TaipeiUITests";
			productName = "IOS@TaipeiUITests";
			productReference = C17FB93623523F1500BA85F8 /* IOS@TaipeiUITests.xctest */;
			productType = "com.apple.product-type.bundle.ui-testing";
		};
/* End PBXNativeTarget section */

/* Begin PBXProject section */
		C17FB90D23523F1500BA85F8 /* Project object */ = {
			isa = PBXProject;
			attributes = {
				LastSwiftUpdateCheck = 1030;
				LastUpgradeCheck = 1030;
				ORGANIZATIONNAME = "iOS@Taipei";
				TargetAttributes = {
					C17FB91423523F1500BA85F8 = {
						CreatedOnToolsVersion = 10.3;
					};
					C17FB92A23523F1500BA85F8 = {
						CreatedOnToolsVersion = 10.3;
						TestTargetID = C17FB91423523F1500BA85F8;
					};
					C17FB93523523F1500BA85F8 = {
						CreatedOnToolsVersion = 10.3;
						TestTargetID = C17FB91423523F1500BA85F8;
					};
				};
			};
			buildConfigurationList = C17FB91023523F1500BA85F8 /* Build configuration list for PBXProject "IOS@Taipei" */;
			compatibilityVersion = "Xcode 9.3";
			developmentRegion = en;
			hasScannedForEncodings = 0;
			knownRegions = (
				en,
				Base,
			);
			mainGroup = C17FB90C23523F1500BA85F8;
			productRefGroup = C17FB91623523F1500BA85F8 /* Products */;
			projectDirPath = "";
			projectRoot = "";
			targets = (
				C17FB91423523F1500BA85F8 /* IOS@Taipei */,
				C17FB92A23523F1500BA85F8 /* IOS@TaipeiTests */,
				C17FB93523523F1500BA85F8 /* IOS@TaipeiUITests */,
			);
		};
/* End PBXProject section */

/* Begin PBXResourcesBuildPhase section */
		C17FB91323523F1500BA85F8 /* Resources */ = {
			isa = PBXResourcesBuildPhase;
			buildActionMask = 2147483647;
			files = (
				C17FB92523523F1500BA85F8 /* LaunchScreen.storyboard in Resources */,
				C17FB92223523F1500BA85F8 /* Assets.xcassets in Resources */,
				C17FB92023523F1500BA85F8 /* Main.storyboard in Resources */,
			);
			runOnlyForDeploymentPostprocessing = 0;
		};
		C17FB92923523F1500BA85F8 /* Resources */ = {
			isa = PBXResourcesBuildPhase;
			buildActionMask = 2147483647;
			files = (
			);
			runOnlyForDeploymentPostprocessing = 0;
		};
		C17FB93423523F1500BA85F8 /* Resources */ = {
			isa = PBXResourcesBuildPhase;
			buildActionMask = 2147483647;
			files = (
			);
			runOnlyForDeploymentPostprocessing = 0;
		};
/* End PBXResourcesBuildPhase section */

/* Begin PBXShellScriptBuildPhase section */
		2CF96E97A5F490FE904C96B0 /* [CP] Embed Pods Frameworks */ = {
			isa = PBXShellScriptBuildPhase;
			buildActionMask = 2147483647;
			files = (
			);
			inputFileListPaths = (
				"${PODS_ROOT}/Target Support Files/Pods-IOS@Taipei/Pods-IOS@Taipei-frameworks-${CONFIGURATION}-input-files.xcfilelist",
			);
			name = "[CP] Embed Pods Frameworks";
			outputFileListPaths = (
				"${PODS_ROOT}/Target Support Files/Pods-IOS@Taipei/Pods-IOS@Taipei-frameworks-${CONFIGURATION}-output-files.xcfilelist",
			);
			runOnlyForDeploymentPostprocessing = 0;
			shellPath = /bin/sh;
			shellScript = "\"${PODS_ROOT}/Target Support Files/Pods-IOS@Taipei/Pods-IOS@Taipei-frameworks.sh\"\n";
			showEnvVarsInLog = 0;
		};
		5C96362943E1BB6B55354BBC /* [CP] Check Pods Manifest.lock */ = {
			isa = PBXShellScriptBuildPhase;
			buildActionMask = 2147483647;
			files = (
			);
			inputFileListPaths = (
			);
			inputPaths = (
				"${PODS_PODFILE_DIR_PATH}/Podfile.lock",
				"${PODS_ROOT}/Manifest.lock",
			);
			name = "[CP] Check Pods Manifest.lock";
			outputFileListPaths = (
			);
			outputPaths = (
				"$(DERIVED_FILE_DIR)/Pods-IOS@TaipeiTests-checkManifestLockResult.txt",
			);
			runOnlyForDeploymentPostprocessing = 0;
			shellPath = /bin/sh;
			shellScript = "diff \"${PODS_PODFILE_DIR_PATH}/Podfile.lock\" \"${PODS_ROOT}/Manifest.lock\" > /dev/null\nif [ $? != 0 ] ; then\n    # print error to STDERR\n    echo \"error: The sandbox is not in sync with the Podfile.lock. Run 'pod install' or update your CocoaPods installation.\" >&2\n    exit 1\nfi\n# This output is used by Xcode 'outputs' to avoid re-running this script phase.\necho \"SUCCESS\" > \"${SCRIPT_OUTPUT_FILE_0}\"\n";
			showEnvVarsInLog = 0;
		};
		74CBDD095DA516EEB00FA614 /* [CP] Check Pods Manifest.lock */ = {
			isa = PBXShellScriptBuildPhase;
			buildActionMask = 2147483647;
			files = (
			);
			inputFileListPaths = (
			);
			inputPaths = (
				"${PODS_PODFILE_DIR_PATH}/Podfile.lock",
				"${PODS_ROOT}/Manifest.lock",
			);
			name = "[CP] Check Pods Manifest.lock";
			outputFileListPaths = (
			);
			outputPaths = (
				"$(DERIVED_FILE_DIR)/Pods-IOS@Taipei-checkManifestLockResult.txt",
			);
			runOnlyForDeploymentPostprocessing = 0;
			shellPath = /bin/sh;
			shellScript = "diff \"${PODS_PODFILE_DIR_PATH}/Podfile.lock\" \"${PODS_ROOT}/Manifest.lock\" > /dev/null\nif [ $? != 0 ] ; then\n    # print error to STDERR\n    echo \"error: The sandbox is not in sync with the Podfile.lock. Run 'pod install' or update your CocoaPods installation.\" >&2\n    exit 1\nfi\n# This output is used by Xcode 'outputs' to avoid re-running this script phase.\necho \"SUCCESS\" > \"${SCRIPT_OUTPUT_FILE_0}\"\n";
			showEnvVarsInLog = 0;
		};
		D0CF47FBD2522C1CFE15C158 /* [CP] Check Pods Manifest.lock */ = {
			isa = PBXShellScriptBuildPhase;
			buildActionMask = 2147483647;
			files = (
			);
			inputFileListPaths = (
			);
			inputPaths = (
				"${PODS_PODFILE_DIR_PATH}/Podfile.lock",
				"${PODS_ROOT}/Manifest.lock",
			);
			name = "[CP] Check Pods Manifest.lock";
			outputFileListPaths = (
			);
			outputPaths = (
				"$(DERIVED_FILE_DIR)/Pods-IOS@TaipeiUITests-checkManifestLockResult.txt",
			);
			runOnlyForDeploymentPostprocessing = 0;
			shellPath = /bin/sh;
			shellScript = "diff \"${PODS_PODFILE_DIR_PATH}/Podfile.lock\" \"${PODS_ROOT}/Manifest.lock\" > /dev/null\nif [ $? != 0 ] ; then\n    # print error to STDERR\n    echo \"error: The sandbox is not in sync with the Podfile.lock. Run 'pod install' or update your CocoaPods installation.\" >&2\n    exit 1\nfi\n# This output is used by Xcode 'outputs' to avoid re-running this script phase.\necho \"SUCCESS\" > \"${SCRIPT_OUTPUT_FILE_0}\"\n";
			showEnvVarsInLog = 0;
		};
/* End PBXShellScriptBuildPhase section */

/* Begin PBXSourcesBuildPhase section */
		C17FB91123523F1500BA85F8 /* Sources */ = {
			isa = PBXSourcesBuildPhase;
			buildActionMask = 2147483647;
			files = (
				570D076A2358BE5E00F8948D /* FacebookEventPlace.swift in Sources */,
				570D076D2358BE5E00F8948D /* FacebookEvent.swift in Sources */,
				C17FB91D23523F1500BA85F8 /* SecondViewController.swift in Sources */,
				C17FB91923523F1500BA85F8 /* AppDelegate.swift in Sources */,
				C17FB91B23523F1500BA85F8 /* FirstViewController.swift in Sources */,
				570D076B2358BE5E00F8948D /* FacebookEventListCursors.swift in Sources */,
				570D076C2358BE5E00F8948D /* FacebookEventCover.swift in Sources */,
				570D07BB23599D8400F8948D /* secrets.swift in Sources */,
				570D076E2358BE5E00F8948D /* FacebookEventListPaging.swift in Sources */,
				570D075F2358B0F900F8948D /* FacebookEventRepository.swift in Sources */,
				570D076F2358BE5E00F8948D /* FacebookEventListResult.swift in Sources */,
			);
			runOnlyForDeploymentPostprocessing = 0;
		};
		C17FB92723523F1500BA85F8 /* Sources */ = {
			isa = PBXSourcesBuildPhase;
			buildActionMask = 2147483647;
			files = (
				C17FB93023523F1500BA85F8 /* IOS_TaipeiTests.swift in Sources */,
			);
			runOnlyForDeploymentPostprocessing = 0;
		};
		C17FB93223523F1500BA85F8 /* Sources */ = {
			isa = PBXSourcesBuildPhase;
			buildActionMask = 2147483647;
			files = (
				C17FB93B23523F1500BA85F8 /* IOS_TaipeiUITests.swift in Sources */,
			);
			runOnlyForDeploymentPostprocessing = 0;
		};
/* End PBXSourcesBuildPhase section */

/* Begin PBXTargetDependency section */
		C17FB92D23523F1500BA85F8 /* PBXTargetDependency */ = {
			isa = PBXTargetDependency;
			target = C17FB91423523F1500BA85F8 /* IOS@Taipei */;
			targetProxy = C17FB92C23523F1500BA85F8 /* PBXContainerItemProxy */;
		};
		C17FB93823523F1500BA85F8 /* PBXTargetDependency */ = {
			isa = PBXTargetDependency;
			target = C17FB91423523F1500BA85F8 /* IOS@Taipei */;
			targetProxy = C17FB93723523F1500BA85F8 /* PBXContainerItemProxy */;
		};
/* End PBXTargetDependency section */

/* Begin PBXVariantGroup section */
		C17FB91E23523F1500BA85F8 /* Main.storyboard */ = {
			isa = PBXVariantGroup;
			children = (
				C17FB91F23523F1500BA85F8 /* Base */,
			);
			name = Main.storyboard;
			sourceTree = "<group>";
		};
		C17FB92323523F1500BA85F8 /* LaunchScreen.storyboard */ = {
			isa = PBXVariantGroup;
			children = (
				C17FB92423523F1500BA85F8 /* Base */,
			);
			name = LaunchScreen.storyboard;
			sourceTree = "<group>";
		};
/* End PBXVariantGroup section */

/* Begin XCBuildConfiguration section */
		C17FB93D23523F1600BA85F8 /* Debug */ = {
			isa = XCBuildConfiguration;
			buildSettings = {
				ALWAYS_SEARCH_USER_PATHS = NO;
				CLANG_ANALYZER_NONNULL = YES;
				CLANG_ANALYZER_NUMBER_OBJECT_CONVERSION = YES_AGGRESSIVE;
				CLANG_CXX_LANGUAGE_STANDARD = "gnu++14";
				CLANG_CXX_LIBRARY = "libc++";
				CLANG_ENABLE_MODULES = YES;
				CLANG_ENABLE_OBJC_ARC = YES;
				CLANG_ENABLE_OBJC_WEAK = YES;
				CLANG_WARN_BLOCK_CAPTURE_AUTORELEASING = YES;
				CLANG_WARN_BOOL_CONVERSION = YES;
				CLANG_WARN_COMMA = YES;
				CLANG_WARN_CONSTANT_CONVERSION = YES;
				CLANG_WARN_DEPRECATED_OBJC_IMPLEMENTATIONS = YES;
				CLANG_WARN_DIRECT_OBJC_ISA_USAGE = YES_ERROR;
				CLANG_WARN_DOCUMENTATION_COMMENTS = YES;
				CLANG_WARN_EMPTY_BODY = YES;
				CLANG_WARN_ENUM_CONVERSION = YES;
				CLANG_WARN_INFINITE_RECURSION = YES;
				CLANG_WARN_INT_CONVERSION = YES;
				CLANG_WARN_NON_LITERAL_NULL_CONVERSION = YES;
				CLANG_WARN_OBJC_IMPLICIT_RETAIN_SELF = YES;
				CLANG_WARN_OBJC_LITERAL_CONVERSION = YES;
				CLANG_WARN_OBJC_ROOT_CLASS = YES_ERROR;
				CLANG_WARN_RANGE_LOOP_ANALYSIS = YES;
				CLANG_WARN_STRICT_PROTOTYPES = YES;
				CLANG_WARN_SUSPICIOUS_MOVE = YES;
				CLANG_WARN_UNGUARDED_AVAILABILITY = YES_AGGRESSIVE;
				CLANG_WARN_UNREACHABLE_CODE = YES;
				CLANG_WARN__DUPLICATE_METHOD_MATCH = YES;
				CODE_SIGN_IDENTITY = "iPhone Developer";
				COPY_PHASE_STRIP = NO;
				DEBUG_INFORMATION_FORMAT = dwarf;
				ENABLE_STRICT_OBJC_MSGSEND = YES;
				ENABLE_TESTABILITY = YES;
				GCC_C_LANGUAGE_STANDARD = gnu11;
				GCC_DYNAMIC_NO_PIC = NO;
				GCC_NO_COMMON_BLOCKS = YES;
				GCC_OPTIMIZATION_LEVEL = 0;
				GCC_PREPROCESSOR_DEFINITIONS = (
					"DEBUG=1",
					"$(inherited)",
				);
				GCC_WARN_64_TO_32_BIT_CONVERSION = YES;
				GCC_WARN_ABOUT_RETURN_TYPE = YES_ERROR;
				GCC_WARN_UNDECLARED_SELECTOR = YES;
				GCC_WARN_UNINITIALIZED_AUTOS = YES_AGGRESSIVE;
				GCC_WARN_UNUSED_FUNCTION = YES;
				GCC_WARN_UNUSED_VARIABLE = YES;
				IPHONEOS_DEPLOYMENT_TARGET = 11.0;
				MTL_ENABLE_DEBUG_INFO = INCLUDE_SOURCE;
				MTL_FAST_MATH = YES;
				ONLY_ACTIVE_ARCH = YES;
				SDKROOT = iphoneos;
				SWIFT_ACTIVE_COMPILATION_CONDITIONS = DEBUG;
				SWIFT_OPTIMIZATION_LEVEL = "-Onone";
			};
			name = Debug;
		};
		C17FB93E23523F1600BA85F8 /* Release */ = {
			isa = XCBuildConfiguration;
			buildSettings = {
				ALWAYS_SEARCH_USER_PATHS = NO;
				CLANG_ANALYZER_NONNULL = YES;
				CLANG_ANALYZER_NUMBER_OBJECT_CONVERSION = YES_AGGRESSIVE;
				CLANG_CXX_LANGUAGE_STANDARD = "gnu++14";
				CLANG_CXX_LIBRARY = "libc++";
				CLANG_ENABLE_MODULES = YES;
				CLANG_ENABLE_OBJC_ARC = YES;
				CLANG_ENABLE_OBJC_WEAK = YES;
				CLANG_WARN_BLOCK_CAPTURE_AUTORELEASING = YES;
				CLANG_WARN_BOOL_CONVERSION = YES;
				CLANG_WARN_COMMA = YES;
				CLANG_WARN_CONSTANT_CONVERSION = YES;
				CLANG_WARN_DEPRECATED_OBJC_IMPLEMENTATIONS = YES;
				CLANG_WARN_DIRECT_OBJC_ISA_USAGE = YES_ERROR;
				CLANG_WARN_DOCUMENTATION_COMMENTS = YES;
				CLANG_WARN_EMPTY_BODY = YES;
				CLANG_WARN_ENUM_CONVERSION = YES;
				CLANG_WARN_INFINITE_RECURSION = YES;
				CLANG_WARN_INT_CONVERSION = YES;
				CLANG_WARN_NON_LITERAL_NULL_CONVERSION = YES;
				CLANG_WARN_OBJC_IMPLICIT_RETAIN_SELF = YES;
				CLANG_WARN_OBJC_LITERAL_CONVERSION = YES;
				CLANG_WARN_OBJC_ROOT_CLASS = YES_ERROR;
				CLANG_WARN_RANGE_LOOP_ANALYSIS = YES;
				CLANG_WARN_STRICT_PROTOTYPES = YES;
				CLANG_WARN_SUSPICIOUS_MOVE = YES;
				CLANG_WARN_UNGUARDED_AVAILABILITY = YES_AGGRESSIVE;
				CLANG_WARN_UNREACHABLE_CODE = YES;
				CLANG_WARN__DUPLICATE_METHOD_MATCH = YES;
				CODE_SIGN_IDENTITY = "iPhone Developer";
				COPY_PHASE_STRIP = NO;
				DEBUG_INFORMATION_FORMAT = "dwarf-with-dsym";
				ENABLE_NS_ASSERTIONS = NO;
				ENABLE_STRICT_OBJC_MSGSEND = YES;
				GCC_C_LANGUAGE_STANDARD = gnu11;
				GCC_NO_COMMON_BLOCKS = YES;
				GCC_WARN_64_TO_32_BIT_CONVERSION = YES;
				GCC_WARN_ABOUT_RETURN_TYPE = YES_ERROR;
				GCC_WARN_UNDECLARED_SELECTOR = YES;
				GCC_WARN_UNINITIALIZED_AUTOS = YES_AGGRESSIVE;
				GCC_WARN_UNUSED_FUNCTION = YES;
				GCC_WARN_UNUSED_VARIABLE = YES;
				IPHONEOS_DEPLOYMENT_TARGET = 11.0;
				MTL_ENABLE_DEBUG_INFO = NO;
				MTL_FAST_MATH = YES;
				SDKROOT = iphoneos;
				SWIFT_COMPILATION_MODE = wholemodule;
				SWIFT_OPTIMIZATION_LEVEL = "-O";
				VALIDATE_PRODUCT = YES;
			};
			name = Release;
		};
		C17FB94023523F1600BA85F8 /* Debug */ = {
			isa = XCBuildConfiguration;
			baseConfigurationReference = C499D04E43FE119EBF0E54CF /* Pods-IOS@Taipei.debug.xcconfig */;
			buildSettings = {
				ASSETCATALOG_COMPILER_APPICON_NAME = AppIcon;
				CODE_SIGN_STYLE = Automatic;
				DEVELOPMENT_TEAM = 49X9D2W8KH;
				INFOPLIST_FILE = "IOS@Taipei/Info.plist";
				IPHONEOS_DEPLOYMENT_TARGET = 11;
				LD_RUNPATH_SEARCH_PATHS = (
					"$(inherited)",
					"@executable_path/Frameworks",
				);
				OTHER_LDFLAGS = (
					"$(inherited)",
					"-framework",
					"\"FBSDKCoreKit\"",
					"-framework",
					"\"FBSDKLoginKit\"",
					"-framework",
					"\"FBSDKPlacesKit\"",
					"-framework",
					"\"FBSDKShareKit\"",
					"-weak_framework",
					"\"Accounts\"",
					"-weak_framework",
					"\"AudioToolbox\"",
					"-weak_framework",
					"\"CoreGraphics\"",
					"-weak_framework",
					"\"CoreLocation\"",
					"-weak_framework",
					"\"Foundation\"",
					"-weak_framework",
					"\"QuartzCore\"",
					"-weak_framework",
					"\"Security\"",
					"-weak_framework",
					"\"Social\"",
					"-weak_framework",
					"\"UIKit\"",
					"-ObjC",
				);
				PRODUCT_BUNDLE_IDENTIFIER = "com.iOS-Taipei.IOS-Taipei";
				PRODUCT_NAME = "$(TARGET_NAME)";
				SWIFT_VERSION = 5.0;
				TARGETED_DEVICE_FAMILY = 1;
			};
			name = Debug;
		};
		C17FB94123523F1600BA85F8 /* Release */ = {
			isa = XCBuildConfiguration;
			baseConfigurationReference = 4D714C9DC9D9DD4ED52101B3 /* Pods-IOS@Taipei.release.xcconfig */;
			buildSettings = {
				ASSETCATALOG_COMPILER_APPICON_NAME = AppIcon;
				CODE_SIGN_STYLE = Automatic;
				DEVELOPMENT_TEAM = 49X9D2W8KH;
				INFOPLIST_FILE = "IOS@Taipei/Info.plist";
				IPHONEOS_DEPLOYMENT_TARGET = 11;
				LD_RUNPATH_SEARCH_PATHS = (
					"$(inherited)",
					"@executable_path/Frameworks",
				);
				OTHER_LDFLAGS = (
					"$(inherited)",
					"-framework",
					"\"FBSDKCoreKit\"",
					"-framework",
					"\"FBSDKLoginKit\"",
					"-framework",
					"\"FBSDKPlacesKit\"",
					"-framework",
					"\"FBSDKShareKit\"",
					"-weak_framework",
					"\"Accounts\"",
					"-weak_framework",
					"\"AudioToolbox\"",
					"-weak_framework",
					"\"CoreGraphics\"",
					"-weak_framework",
					"\"CoreLocation\"",
					"-weak_framework",
					"\"Foundation\"",
					"-weak_framework",
					"\"QuartzCore\"",
					"-weak_framework",
					"\"Security\"",
					"-weak_framework",
					"\"Social\"",
					"-weak_framework",
					"\"UIKit\"",
					"-ObjC",
				);
				PRODUCT_BUNDLE_IDENTIFIER = "com.iOS-Taipei.IOS-Taipei";
				PRODUCT_NAME = "$(TARGET_NAME)";
				SWIFT_VERSION = 5.0;
				TARGETED_DEVICE_FAMILY = 1;
			};
			name = Release;
		};
		C17FB94323523F1600BA85F8 /* Debug */ = {
			isa = XCBuildConfiguration;
			baseConfigurationReference = CB00077D00C2C0E82773D18F /* Pods-IOS@TaipeiTests.debug.xcconfig */;
			buildSettings = {
				ALWAYS_EMBED_SWIFT_STANDARD_LIBRARIES = YES;
				BUNDLE_LOADER = "$(TEST_HOST)";
				CODE_SIGN_STYLE = Automatic;
				DEVELOPMENT_TEAM = 49X9D2W8KH;
				INFOPLIST_FILE = "IOS@TaipeiTests/Info.plist";
				LD_RUNPATH_SEARCH_PATHS = (
					"$(inherited)",
					"@executable_path/Frameworks",
					"@loader_path/Frameworks",
				);
				PRODUCT_BUNDLE_IDENTIFIER = "com.iOS-Taipei.IOS-TaipeiTests";
				PRODUCT_NAME = "$(TARGET_NAME)";
				SWIFT_VERSION = 5.0;
				TARGETED_DEVICE_FAMILY = "1,2";
				TEST_HOST = "$(BUILT_PRODUCTS_DIR)/IOS@Taipei.app/IOS@Taipei";
			};
			name = Debug;
		};
		C17FB94423523F1600BA85F8 /* Release */ = {
			isa = XCBuildConfiguration;
			baseConfigurationReference = 12F22F9E1506689E55701B4F /* Pods-IOS@TaipeiTests.release.xcconfig */;
			buildSettings = {
				ALWAYS_EMBED_SWIFT_STANDARD_LIBRARIES = YES;
				BUNDLE_LOADER = "$(TEST_HOST)";
				CODE_SIGN_STYLE = Automatic;
				DEVELOPMENT_TEAM = 49X9D2W8KH;
				INFOPLIST_FILE = "IOS@TaipeiTests/Info.plist";
				LD_RUNPATH_SEARCH_PATHS = (
					"$(inherited)",
					"@executable_path/Frameworks",
					"@loader_path/Frameworks",
				);
				PRODUCT_BUNDLE_IDENTIFIER = "com.iOS-Taipei.IOS-TaipeiTests";
				PRODUCT_NAME = "$(TARGET_NAME)";
				SWIFT_VERSION = 5.0;
				TARGETED_DEVICE_FAMILY = "1,2";
				TEST_HOST = "$(BUILT_PRODUCTS_DIR)/IOS@Taipei.app/IOS@Taipei";
			};
			name = Release;
		};
		C17FB94623523F1600BA85F8 /* Debug */ = {
			isa = XCBuildConfiguration;
			baseConfigurationReference = FA85DD58A59A3603622E6983 /* Pods-IOS@TaipeiUITests.debug.xcconfig */;
			buildSettings = {
				ALWAYS_EMBED_SWIFT_STANDARD_LIBRARIES = YES;
				CODE_SIGN_STYLE = Automatic;
				INFOPLIST_FILE = "IOS@TaipeiUITests/Info.plist";
				LD_RUNPATH_SEARCH_PATHS = (
					"$(inherited)",
					"@executable_path/Frameworks",
					"@loader_path/Frameworks",
				);
				PRODUCT_BUNDLE_IDENTIFIER = "com.iOS-Taipei.IOS-TaipeiUITests";
				PRODUCT_NAME = "$(TARGET_NAME)";
				SWIFT_VERSION = 5.0;
				TARGETED_DEVICE_FAMILY = "1,2";
				TEST_TARGET_NAME = "IOS@Taipei";
			};
			name = Debug;
		};
		C17FB94723523F1600BA85F8 /* Release */ = {
			isa = XCBuildConfiguration;
			baseConfigurationReference = A23F2708D2FD2EB05B481A3D /* Pods-IOS@TaipeiUITests.release.xcconfig */;
			buildSettings = {
				ALWAYS_EMBED_SWIFT_STANDARD_LIBRARIES = YES;
				CODE_SIGN_STYLE = Automatic;
				INFOPLIST_FILE = "IOS@TaipeiUITests/Info.plist";
				LD_RUNPATH_SEARCH_PATHS = (
					"$(inherited)",
					"@executable_path/Frameworks",
					"@loader_path/Frameworks",
				);
				PRODUCT_BUNDLE_IDENTIFIER = "com.iOS-Taipei.IOS-TaipeiUITests";
				PRODUCT_NAME = "$(TARGET_NAME)";
				SWIFT_VERSION = 5.0;
				TARGETED_DEVICE_FAMILY = "1,2";
				TEST_TARGET_NAME = "IOS@Taipei";
			};
			name = Release;
		};
/* End XCBuildConfiguration section */

/* Begin XCConfigurationList section */
		C17FB91023523F1500BA85F8 /* Build configuration list for PBXProject "IOS@Taipei" */ = {
			isa = XCConfigurationList;
			buildConfigurations = (
				C17FB93D23523F1600BA85F8 /* Debug */,
				C17FB93E23523F1600BA85F8 /* Release */,
			);
			defaultConfigurationIsVisible = 0;
			defaultConfigurationName = Release;
		};
		C17FB93F23523F1600BA85F8 /* Build configuration list for PBXNativeTarget "IOS@Taipei" */ = {
			isa = XCConfigurationList;
			buildConfigurations = (
				C17FB94023523F1600BA85F8 /* Debug */,
				C17FB94123523F1600BA85F8 /* Release */,
			);
			defaultConfigurationIsVisible = 0;
			defaultConfigurationName = Release;
		};
		C17FB94223523F1600BA85F8 /* Build configuration list for PBXNativeTarget "IOS@TaipeiTests" */ = {
			isa = XCConfigurationList;
			buildConfigurations = (
				C17FB94323523F1600BA85F8 /* Debug */,
				C17FB94423523F1600BA85F8 /* Release */,
			);
			defaultConfigurationIsVisible = 0;
			defaultConfigurationName = Release;
		};
		C17FB94523523F1600BA85F8 /* Build configuration list for PBXNativeTarget "IOS@TaipeiUITests" */ = {
			isa = XCConfigurationList;
			buildConfigurations = (
				C17FB94623523F1600BA85F8 /* Debug */,
				C17FB94723523F1600BA85F8 /* Release */,
			);
			defaultConfigurationIsVisible = 0;
			defaultConfigurationName = Release;
		};
/* End XCConfigurationList section */
	};
	rootObject = C17FB90D23523F1500BA85F8 /* Project object */;
}
